{
  "version": 4,
  "terraform_version": "1.7.1",
  "serial": 1088,
  "lineage": "02a4bea8-9fc6-2df8-0805-dba97e4ceab1",
  "outputs": {
    "prd-web-01-pub": {
      "value": "223.130.128.177",
      "type": "string"
    },
    "prd-web-02-pub": {
      "value": "175.45.201.249",
      "type": "string"
    },
    "products": {
      "value": {
        "SVR.VSVR.HICPU.C002.M004.NET.SSD.B050.G002": "vCPU 2EA, Memory 4GB, [SSD]Disk 50GB"
      },
      "type": [
        "object",
        {
          "SVR.VSVR.HICPU.C002.M004.NET.SSD.B050.G002": "string"
        }
      ]
    }
  },
  "resources": [
    {
      "mode": "data",
      "type": "ncloud_member_server_image",
      "name": "member_server_base_image",
      "provider": "provider[\"registry.terraform.io/navercloudplatform/ncloud\"]",
      "instances": [
        {
          "schema_version": 0,
          "attributes": {
            "block_storage_total_rows": 1,
            "block_storage_total_size": -2147483648,
            "description": "",
            "filter": null,
            "id": "16875575",
            "name": "jwkim-test",
            "name_regex": null,
            "no": "16875575",
            "no_list": [
              "16875575"
            ],
            "original_base_block_storage_disk_type": null,
            "original_os_information": null,
            "original_server_image_name": null,
            "original_server_image_product_code": "SW.VSVR.OS.LNX64.UBNTU.SVR2004.B050",
            "original_server_instance_no": "16840066",
            "original_server_name": null,
            "original_server_product_code": null,
            "platform_type": null,
            "platform_type_code_list": null,
            "region": null
          },
          "sensitive_attributes": []
        }
      ]
    },
    {
      "mode": "data",
      "type": "ncloud_regions",
      "name": "regions",
      "provider": "provider[\"registry.terraform.io/navercloudplatform/ncloud\"]",
      "instances": [
        {
          "schema_version": 0,
          "attributes": {
            "code": null,
            "filter": null,
            "id": "2024-02-29 06:33:03.8067391 +0000 UTC",
            "output_file": null,
            "regions": [
              {
                "region_code": "KR",
                "region_name": "Korea",
                "region_no": ""
              },
              {
                "region_code": "SGN",
                "region_name": "Singapore(New)",
                "region_no": ""
              },
              {
                "region_code": "JPN",
                "region_name": "Japan(New)",
                "region_no": ""
              }
            ]
          },
          "sensitive_attributes": []
        }
      ]
    },
    {
      "mode": "data",
      "type": "ncloud_route_table",
      "name": "default_pri_route",
      "provider": "provider[\"registry.terraform.io/navercloudplatform/ncloud\"]",
      "instances": [
        {
          "schema_version": 0,
          "attributes": {
            "description": "VPC [prd-vpc] default Route Table for private Subnet",
            "filter": [
              {
                "name": "is_default",
                "regex": false,
                "values": [
                  "true"
                ]
              }
            ],
            "id": "121581",
            "is_default": true,
            "name": "prd-vpc-default-private-table",
            "route_table_no": "121581",
            "supported_subnet_type": "PRIVATE",
            "vpc_no": "57227"
          },
          "sensitive_attributes": []
        }
      ]
    },
    {
      "mode": "data",
      "type": "ncloud_route_table",
      "name": "default_pub_route",
      "provider": "provider[\"registry.terraform.io/navercloudplatform/ncloud\"]",
      "instances": [
        {
          "schema_version": 0,
          "attributes": {
            "description": "VPC [prd-vpc] default Route Table for public Subnet",
            "filter": [
              {
                "name": "is_default",
                "regex": false,
                "values": [
                  "true"
                ]
              }
            ],
            "id": "121580",
            "is_default": true,
            "name": "prd-vpc-default-public-table",
            "route_table_no": "121580",
            "supported_subnet_type": "PUBLIC",
            "vpc_no": "57227"
          },
          "sensitive_attributes": []
        }
      ]
    },
    {
      "mode": "data",
      "type": "ncloud_server_images",
      "name": "server_images",
      "provider": "provider[\"registry.terraform.io/navercloudplatform/ncloud\"]",
      "instances": [
        {
          "schema_version": 0,
          "attributes": {
            "block_storage_size": null,
            "exclusion_product_code": null,
            "filter": null,
            "id": "1473881694",
            "ids": [
              "SW.VSVR.OS.LNX64.CNTOS.0703.B050",
              "SW.VSVR.OS.LNX64.CNTOS.0708.B050",
              "SW.VSVR.OS.LNX64.ROCKY.0808.B050",
              "SW.VSVR.OS.LNX64.ROCKY.0806.B050",
              "SW.VSVR.APP.LNX64.CNTOS.0708.TNSFL.LATEST.B050",
              "SW.VSVR.APP.LNX64.CNTOS.0708.WEBTB.LATEST.B050",
              "SW.VSVR.APP.LNX64.CNTOS.0708.JEUS.LATEST.B050",
              "SW.VSVR.APP.LNX64.CNTOS.0708.TOMCT.LATEST.B050",
              "SW.VSVR.APP.LNX64.UBNTU.SVR1804.TNSFL.LATEST.B050",
              "SW.VSVR.DBMS.LNX64.CNTOS.0708.MARIA.102.B050",
              "SW.VSVR.DBMS.LNX64.CNTOS.0708.MYSQL.0800.B050",
              "SW.VSVR.APP.LNX64.UBNTU.SVR2004.TNSFL.LATEST.B050",
              "SW.VSVR.OS.LNX64.UBNTU.SVR1804.B050",
              "SW.VSVR.OS.LNX64.UBNTU.SVR2004.B050",
              "SW.VSVR.DBMS.WND64.WND.SVR2019STDEN.MSSQL.2022.B100",
              "SW.VSVR.DBMS.WND64.WND.SVR2016STDEN.MSSQL.2017.B100",
              "SW.VSVR.DBMS.LNX64.CNTOS.0708.PSTGR.1403.B050",
              "SW.VSVR.DBMS.LNX64.CNTOS.0708.PSTGR.1303.B050",
              "SW.VSVR.DBMS.WND64.WND.SVR2019STDEN.MSSQL.2019.B100",
              "SW.VSVR.DBMS.WND64.WND.SVR2016STDEN.MSSQL.2019.B100",
              "SW.VSVR.APP.LNX64.CNTOS.0708.PINPT.LATEST.B050",
              "SW.VSVR.APP.LNX64.CNTOS.0703.PINPT.173.B050",
              "SW.VSVR.DBMS.LNX64.ROCKY.0808.TBERO.CEE7.B050",
              "SW.VSVR.APP.LNX64.CNTOS.0708.CLARA.LATEST.B050",
              "SW.VSVR.DBMS.LNX64.ROCKY.0808.TBERO.CSE7.B050",
              "SW.VSVR.DBMS.LNX64.CNTOS.0708.TBERO.LATEST.B050",
              "SW.VSVR.APP.LNX64.UBNTU.SVR1804.CLARA.LATEST.B050",
              "SW.VSVR.OS.WND64.WND.SVR2016EN.B100",
              "SW.VSVR.APP.LNX64.CNTOS.0708.RBBT.LATEST.B050",
              "SW.VSVR.APP.LNX64.CNTOS.0708.DCOMM.LATEST.B050",
              "SW.VSVR.OS.WND64.WND.SVR2019EN.B100"
            ],
            "infra_resource_detail_type_code": null,
            "output_file": "image.json",
            "platform_type": null,
            "product_code": null,
            "product_name_regex": null,
            "region": null,
            "server_images": [
              {
                "base_block_storage_size": "50GB",
                "id": "SW.VSVR.OS.LNX64.CNTOS.0703.B050",
                "infra_resource_detail_type_code": "",
                "infra_resource_type": "SW",
                "os_information": "CentOS 7.3 (64-bit)",
                "platform_type": "LNX64",
                "product_code": "SW.VSVR.OS.LNX64.CNTOS.0703.B050",
                "product_description": "CentOS 7.3 (64-bit)",
                "product_name": "centos-7.3-64",
                "product_type": "LINUX"
              },
              {
                "base_block_storage_size": "50GB",
                "id": "SW.VSVR.OS.LNX64.CNTOS.0708.B050",
                "infra_resource_detail_type_code": "",
                "infra_resource_type": "SW",
                "os_information": "CentOS 7.8 (64-bit)",
                "platform_type": "LNX64",
                "product_code": "SW.VSVR.OS.LNX64.CNTOS.0708.B050",
                "product_description": "CentOS 7.8 (64-bit)",
                "product_name": "CentOS 7.8 (64-bit)",
                "product_type": "LINUX"
              },
              {
                "base_block_storage_size": "50GB",
                "id": "SW.VSVR.OS.LNX64.ROCKY.0808.B050",
                "infra_resource_detail_type_code": "",
                "infra_resource_type": "SW",
                "os_information": "Rocky Linux 8.8",
                "platform_type": "LNX64",
                "product_code": "SW.VSVR.OS.LNX64.ROCKY.0808.B050",
                "product_description": "Rocky Linux 8.8",
                "product_name": "Rocky Linux 8.8",
                "product_type": "LINUX"
              },
              {
                "base_block_storage_size": "50GB",
                "id": "SW.VSVR.OS.LNX64.ROCKY.0806.B050",
                "infra_resource_detail_type_code": "",
                "infra_resource_type": "SW",
                "os_information": "Rocky Linux 8.6",
                "platform_type": "LNX64",
                "product_code": "SW.VSVR.OS.LNX64.ROCKY.0806.B050",
                "product_description": "Rocky Linux 8.6",
                "product_name": "Rocky Linux 8.6",
                "product_type": "LINUX"
              },
              {
                "base_block_storage_size": "50GB",
                "id": "SW.VSVR.APP.LNX64.CNTOS.0708.TNSFL.LATEST.B050",
                "infra_resource_detail_type_code": "",
                "infra_resource_type": "SW",
                "os_information": "CentOS 7.8 (64-bit) with Tensorflow",
                "platform_type": "LNX64",
                "product_code": "SW.VSVR.APP.LNX64.CNTOS.0708.TNSFL.LATEST.B050",
                "product_description": "CentOS 7.8 (64-bit) with Tensorflow",
                "product_name": "tensorflow-centos-7.8-64",
                "product_type": "LINUX"
              },
              {
                "base_block_storage_size": "50GB",
                "id": "SW.VSVR.APP.LNX64.CNTOS.0708.WEBTB.LATEST.B050",
                "infra_resource_detail_type_code": "",
                "infra_resource_type": "SW",
                "os_information": "CentOS 7.8 (64-bit) with WebtoB",
                "platform_type": "LNX64",
                "product_code": "SW.VSVR.APP.LNX64.CNTOS.0708.WEBTB.LATEST.B050",
                "product_description": "CentOS 7.8 (64-bit) with WebtoB",
                "product_name": "WebtoB-centos-7.8-64",
                "product_type": "LINUX"
              },
              {
                "base_block_storage_size": "50GB",
                "id": "SW.VSVR.APP.LNX64.CNTOS.0708.JEUS.LATEST.B050",
                "infra_resource_detail_type_code": "",
                "infra_resource_type": "SW",
                "os_information": "CentOS 7.8 (64-bit) with JEUS",
                "platform_type": "LNX64",
                "product_code": "SW.VSVR.APP.LNX64.CNTOS.0708.JEUS.LATEST.B050",
                "product_description": "CentOS 7.8 (64-bit) with JEUS",
                "product_name": "JEUS-centos-7.8-64",
                "product_type": "LINUX"
              },
              {
                "base_block_storage_size": "50GB",
                "id": "SW.VSVR.APP.LNX64.CNTOS.0708.TOMCT.LATEST.B050",
                "infra_resource_detail_type_code": "",
                "infra_resource_type": "SW",
                "os_information": "CentOS 7.8 (64-bit) with Tomcat",
                "platform_type": "LNX64",
                "product_code": "SW.VSVR.APP.LNX64.CNTOS.0708.TOMCT.LATEST.B050",
                "product_description": "CentOS 7.8 (64-bit) with Tomcat",
                "product_name": "Tomcat-centos-7.8-64",
                "product_type": "LINUX"
              },
              {
                "base_block_storage_size": "50GB",
                "id": "SW.VSVR.APP.LNX64.UBNTU.SVR1804.TNSFL.LATEST.B050",
                "infra_resource_detail_type_code": "",
                "infra_resource_type": "SW",
                "os_information": "Ubuntu 18.04 (64-bit) with Tensorflow",
                "platform_type": "UBS64",
                "product_code": "SW.VSVR.APP.LNX64.UBNTU.SVR1804.TNSFL.LATEST.B050",
                "product_description": "Ubuntu 18.04 (64-bit) with Tensorflow",
                "product_name": "tensorflow-Ubuntu-18.04-64",
                "product_type": "LINUX"
              },
              {
                "base_block_storage_size": "50GB",
                "id": "SW.VSVR.DBMS.LNX64.CNTOS.0708.MARIA.102.B050",
                "infra_resource_detail_type_code": "",
                "infra_resource_type": "SW",
                "os_information": "CentOS 7.8 with MariaDB 10.2 (64-bit)",
                "platform_type": "LNX64",
                "product_code": "SW.VSVR.DBMS.LNX64.CNTOS.0708.MARIA.102.B050",
                "product_description": "CentOS 7.8 with MariaDB 10.2 (64-bit)",
                "product_name": "mariadb(10.2)-centos-7.8-64",
                "product_type": "LINUX"
              },
              {
                "base_block_storage_size": "50GB",
                "id": "SW.VSVR.DBMS.LNX64.CNTOS.0708.MYSQL.0800.B050",
                "infra_resource_detail_type_code": "",
                "infra_resource_type": "SW",
                "os_information": "CentOS 7.8 with MySQL 8.0 (64-bit)",
                "platform_type": "LNX64",
                "product_code": "SW.VSVR.DBMS.LNX64.CNTOS.0708.MYSQL.0800.B050",
                "product_description": "CentOS 7.8 with MySQL 8.0 (64-bit)",
                "product_name": "mysql(8.0)-centos-7.8-64",
                "product_type": "LINUX"
              },
              {
                "base_block_storage_size": "50GB",
                "id": "SW.VSVR.APP.LNX64.UBNTU.SVR2004.TNSFL.LATEST.B050",
                "infra_resource_detail_type_code": "",
                "infra_resource_type": "SW",
                "os_information": "Ubuntu 20.04 (64-bit) with Tensorflow",
                "platform_type": "UBS64",
                "product_code": "SW.VSVR.APP.LNX64.UBNTU.SVR2004.TNSFL.LATEST.B050",
                "product_description": "Ubuntu 20.04 (64-bit) with Tensorflow",
                "product_name": "tensorflow-Ubuntu-20.04-64",
                "product_type": "LINUX"
              },
              {
                "base_block_storage_size": "50GB",
                "id": "SW.VSVR.OS.LNX64.UBNTU.SVR1804.B050",
                "infra_resource_detail_type_code": "",
                "infra_resource_type": "SW",
                "os_information": "Ubuntu Server 18.04 (64-bit)",
                "platform_type": "UBS64",
                "product_code": "SW.VSVR.OS.LNX64.UBNTU.SVR1804.B050",
                "product_description": "Ubuntu Server 18.04 (64-bit) ",
                "product_name": "ubuntu-18.04",
                "product_type": "LINUX"
              },
              {
                "base_block_storage_size": "50GB",
                "id": "SW.VSVR.OS.LNX64.UBNTU.SVR2004.B050",
                "infra_resource_detail_type_code": "",
                "infra_resource_type": "SW",
                "os_information": "Ubuntu Server 20.04 (64-bit)",
                "platform_type": "UBS64",
                "product_code": "SW.VSVR.OS.LNX64.UBNTU.SVR2004.B050",
                "product_description": "Ubuntu Server 20.04 (64-bit)",
                "product_name": "ubuntu-20.04",
                "product_type": "LINUX"
              },
              {
                "base_block_storage_size": "100GB",
                "id": "SW.VSVR.DBMS.WND64.WND.SVR2019STDEN.MSSQL.2022.B100",
                "infra_resource_detail_type_code": "",
                "infra_resource_type": "SW",
                "os_information": "Windows Server 2019 with MSSQL 2022 Standard English Edition (64-bit)",
                "platform_type": "WND64",
                "product_code": "SW.VSVR.DBMS.WND64.WND.SVR2019STDEN.MSSQL.2022.B100",
                "product_description": "Windows 2019 Server R2 with MSSQL 2022 Standard English Edition",
                "product_name": "mssql(2022std)-win-2019-64-en",
                "product_type": "WINNT"
              },
              {
                "base_block_storage_size": "100GB",
                "id": "SW.VSVR.DBMS.WND64.WND.SVR2016STDEN.MSSQL.2017.B100",
                "infra_resource_detail_type_code": "",
                "infra_resource_type": "SW",
                "os_information": "Windows Server 2016 with MSSQL 2017 Standard English Edition (64-bit)",
                "platform_type": "WND64",
                "product_code": "SW.VSVR.DBMS.WND64.WND.SVR2016STDEN.MSSQL.2017.B100",
                "product_description": "Windows 2016 Server R2 with MSSQL 2017 Standard English Edition",
                "product_name": "mssql(2017std)-win-2016-64-en",
                "product_type": "WINNT"
              },
              {
                "base_block_storage_size": "50GB",
                "id": "SW.VSVR.DBMS.LNX64.CNTOS.0708.PSTGR.1403.B050",
                "infra_resource_detail_type_code": "",
                "infra_resource_type": "SW",
                "os_information": "CentOS 7.8 with PostgreSQL 14.3 (64-bit)",
                "platform_type": "LNX64",
                "product_code": "SW.VSVR.DBMS.LNX64.CNTOS.0708.PSTGR.1403.B050",
                "product_description": "CentOS 7.8 with PostgreSQL 14.3",
                "product_name": "PostgreSQL 14.3-centos-7.8-64",
                "product_type": "LINUX"
              },
              {
                "base_block_storage_size": "50GB",
                "id": "SW.VSVR.DBMS.LNX64.CNTOS.0708.PSTGR.1303.B050",
                "infra_resource_detail_type_code": "",
                "infra_resource_type": "SW",
                "os_information": "CentOS 7.8 with PostgreSQL 13.3 (64-bit)",
                "platform_type": "LNX64",
                "product_code": "SW.VSVR.DBMS.LNX64.CNTOS.0708.PSTGR.1303.B050",
                "product_description": "CentOS 7.8 with PostgreSQL 13.3",
                "product_name": "PostgreSQL 13.3-centos-7.8-64",
                "product_type": "LINUX"
              },
              {
                "base_block_storage_size": "100GB",
                "id": "SW.VSVR.DBMS.WND64.WND.SVR2019STDEN.MSSQL.2019.B100",
                "infra_resource_detail_type_code": "",
                "infra_resource_type": "SW",
                "os_information": "Windows Server 2019 with MSSQL 2019 Standard English Edition (64-bit)",
                "platform_type": "WND64",
                "product_code": "SW.VSVR.DBMS.WND64.WND.SVR2019STDEN.MSSQL.2019.B100",
                "product_description": "Windows 2019 Server R2 with MSSQL 2019 Standard English Edition",
                "product_name": "mssql(2019std)-win-2019-64-en",
                "product_type": "WINNT"
              },
              {
                "base_block_storage_size": "100GB",
                "id": "SW.VSVR.DBMS.WND64.WND.SVR2016STDEN.MSSQL.2019.B100",
                "infra_resource_detail_type_code": "",
                "infra_resource_type": "SW",
                "os_information": "Windows Server 2016 with MSSQL 2019 Standard English Edition (64-bit)",
                "platform_type": "WND64",
                "product_code": "SW.VSVR.DBMS.WND64.WND.SVR2016STDEN.MSSQL.2019.B100",
                "product_description": "Windows 2016 Server R2 with MSSQL 2019 Standard English Edition",
                "product_name": "mssql(2019std)-win-2016-64-en",
                "product_type": "WINNT"
              },
              {
                "base_block_storage_size": "50GB",
                "id": "SW.VSVR.APP.LNX64.CNTOS.0708.PINPT.LATEST.B050",
                "infra_resource_detail_type_code": "",
                "infra_resource_type": "SW",
                "os_information": "CentOS 7.8 with Pinpoint",
                "platform_type": "LNX64",
                "product_code": "SW.VSVR.APP.LNX64.CNTOS.0708.PINPT.LATEST.B050",
                "product_description": "CentOS 7.8 with Pinpoint",
                "product_name": "Pinpoint-centos-7.8-64",
                "product_type": "LINUX"
              },
              {
                "base_block_storage_size": "50GB",
                "id": "SW.VSVR.APP.LNX64.CNTOS.0703.PINPT.173.B050",
                "infra_resource_detail_type_code": "",
                "infra_resource_type": "SW",
                "os_information": "CentOS 7.3 with Pinpoint 1.7.3 (64-bit)",
                "platform_type": "LNX64",
                "product_code": "SW.VSVR.APP.LNX64.CNTOS.0703.PINPT.173.B050",
                "product_description": "CentOS 7.3 with Pinpoint 1.7.3",
                "product_name": "Pinpoint(1.7.3)-centos-7.3-64",
                "product_type": "LINUX"
              },
              {
                "base_block_storage_size": "50GB",
                "id": "SW.VSVR.DBMS.LNX64.ROCKY.0808.TBERO.CEE7.B050",
                "infra_resource_detail_type_code": "",
                "infra_resource_type": "SW",
                "os_information": "Rocky Linux 8.8 with Tibero 7 CEE (Cloud Enterprise Edition)",
                "platform_type": "LNX64",
                "product_code": "SW.VSVR.DBMS.LNX64.ROCKY.0808.TBERO.CEE7.B050",
                "product_description": "Rocky Linux 8.8 with Tibero 7 CEE (Cloud Enterprise Edition)",
                "product_name": "TiberoCEE-Rocky-8.8",
                "product_type": "LINUX"
              },
              {
                "base_block_storage_size": "50GB",
                "id": "SW.VSVR.APP.LNX64.CNTOS.0708.CLARA.LATEST.B050",
                "infra_resource_detail_type_code": "",
                "infra_resource_type": "SW",
                "os_information": "CentOS 7.8 with Clara Parabricks (64-bit)",
                "platform_type": "LNX64",
                "product_code": "SW.VSVR.APP.LNX64.CNTOS.0708.CLARA.LATEST.B050",
                "product_description": "CentOS 7.8 with Clara Parabricks",
                "product_name": "Clara Parabricks-centos-7.8-64",
                "product_type": "LINUX"
              },
              {
                "base_block_storage_size": "50GB",
                "id": "SW.VSVR.DBMS.LNX64.ROCKY.0808.TBERO.CSE7.B050",
                "infra_resource_detail_type_code": "",
                "infra_resource_type": "SW",
                "os_information": "Rocky Linux 8.8 with Tibero 7 CSE (Cloud Standard Edition)",
                "platform_type": "LNX64",
                "product_code": "SW.VSVR.DBMS.LNX64.ROCKY.0808.TBERO.CSE7.B050",
                "product_description": "Rocky Linux 8.8 with Tibero 7 CSE (Cloud Standard Edition)",
                "product_name": "TiberoCSE-Rocky-8.8",
                "product_type": "LINUX"
              },
              {
                "base_block_storage_size": "50GB",
                "id": "SW.VSVR.DBMS.LNX64.CNTOS.0708.TBERO.LATEST.B050",
                "infra_resource_detail_type_code": "",
                "infra_resource_type": "SW",
                "os_information": "CentOS 7.8 with Tibero (64-bit)",
                "platform_type": "LNX64",
                "product_code": "SW.VSVR.DBMS.LNX64.CNTOS.0708.TBERO.LATEST.B050",
                "product_description": "CentOS 7.8 with Tibero",
                "product_name": "Tibero-centos-7.8-64",
                "product_type": "LINUX"
              },
              {
                "base_block_storage_size": "50GB",
                "id": "SW.VSVR.APP.LNX64.UBNTU.SVR1804.CLARA.LATEST.B050",
                "infra_resource_detail_type_code": "",
                "infra_resource_type": "SW",
                "os_information": "Ubuntu Server 18.04 with Clara Parabricks (64-bit)",
                "platform_type": "UBS64",
                "product_code": "SW.VSVR.APP.LNX64.UBNTU.SVR1804.CLARA.LATEST.B050",
                "product_description": "Ubuntu Server 18.04 with Clara Parabricks",
                "product_name": "Clara Parabricks-ubuntu-18.04-64",
                "product_type": "LINUX"
              },
              {
                "base_block_storage_size": "100GB",
                "id": "SW.VSVR.OS.WND64.WND.SVR2016EN.B100",
                "infra_resource_detail_type_code": "",
                "infra_resource_type": "SW",
                "os_information": "Windows Server 2016 (64-bit) English Edition",
                "platform_type": "WND64",
                "product_code": "SW.VSVR.OS.WND64.WND.SVR2016EN.B100",
                "product_description": "Windows Server 2016 (64-bit) English Edition",
                "product_name": "Windows Server 2016 (64-bit) English Edition",
                "product_type": "WINNT"
              },
              {
                "base_block_storage_size": "50GB",
                "id": "SW.VSVR.APP.LNX64.CNTOS.0708.RBBT.LATEST.B050",
                "infra_resource_detail_type_code": "",
                "infra_resource_type": "SW",
                "os_information": "CentOS 7.8 with RabbitMQ (64-bit)",
                "platform_type": "LNX64",
                "product_code": "SW.VSVR.APP.LNX64.CNTOS.0708.RBBT.LATEST.B050",
                "product_description": "CentOS 7.8 with RabbitMQ",
                "product_name": "rabbitmq-centos-7.8-64",
                "product_type": "LINUX"
              },
              {
                "base_block_storage_size": "50GB",
                "id": "SW.VSVR.APP.LNX64.CNTOS.0708.DCOMM.LATEST.B050",
                "infra_resource_detail_type_code": "",
                "infra_resource_type": "SW",
                "os_information": "CentOS 7.8 (64-bit) with META Commerce",
                "platform_type": "LNX64",
                "product_code": "SW.VSVR.APP.LNX64.CNTOS.0708.DCOMM.LATEST.B050",
                "product_description": "CentOS 7.8 (64-bit) with META Commerce",
                "product_name": "META-Commerce-centos-7.8-64",
                "product_type": "LINUX"
              },
              {
                "base_block_storage_size": "100GB",
                "id": "SW.VSVR.OS.WND64.WND.SVR2019EN.B100",
                "infra_resource_detail_type_code": "",
                "infra_resource_type": "SW",
                "os_information": "Windows Server 2019 (64-bit) English Edition",
                "platform_type": "WND64",
                "product_code": "SW.VSVR.OS.WND64.WND.SVR2019EN.B100",
                "product_description": "Windows Server 2019 (64-bit) English Edition",
                "product_name": "Windows Server 2019 (64-bit) English Edition",
                "product_type": "WINNT"
              }
            ]
          },
          "sensitive_attributes": []
        }
      ]
    },
    {
      "mode": "data",
      "type": "ncloud_server_product",
      "name": "stand_product",
      "provider": "provider[\"registry.terraform.io/navercloudplatform/ncloud\"]",
      "instances": [
        {
          "schema_version": 0,
          "attributes": {
            "base_block_storage_size": "50GB",
            "cpu_count": 2,
            "disk_type": "NET",
            "exclusion_product_code": null,
            "filter": [
              {
                "name": "base_block_storage_size",
                "regex": false,
                "values": [
                  "50GB"
                ]
              },
              {
                "name": "cpu_count",
                "regex": false,
                "values": [
                  "2"
                ]
              },
              {
                "name": "memory_size",
                "regex": false,
                "values": [
                  "4GB"
                ]
              },
              {
                "name": "product_code",
                "regex": true,
                "values": [
                  "SSD"
                ]
              },
              {
                "name": "product_type",
                "regex": false,
                "values": [
                  "HICPU"
                ]
              }
            ],
            "generation_code": "G2",
            "id": "SVR.VSVR.HICPU.C002.M004.NET.SSD.B050.G002",
            "infra_resource_type": "VSVR",
            "internet_line_type_code": null,
            "memory_size": "4GB",
            "product_code": "SVR.VSVR.HICPU.C002.M004.NET.SSD.B050.G002",
            "product_description": "vCPU 2EA, Memory 4GB, [SSD]Disk 50GB",
            "product_name": "vCPU 2EA, Memory 4GB, [SSD]Disk 50GB",
            "product_name_regex": null,
            "product_type": "HICPU",
            "server_image_product_code": "SW.VSVR.OS.LNX64.UBNTU.SVR2004.B050",
            "zone": null
          },
          "sensitive_attributes": []
        }
      ]
    },
    {
      "mode": "data",
      "type": "ncloud_server_products",
      "name": "products",
      "provider": "provider[\"registry.terraform.io/navercloudplatform/ncloud\"]",
      "instances": [
        {
          "schema_version": 0,
          "attributes": {
            "exclusion_product_code": null,
            "filter": [
              {
                "name": "base_block_storage_size",
                "regex": false,
                "values": [
                  "50GB"
                ]
              },
              {
                "name": "cpu_count",
                "regex": false,
                "values": [
                  "2"
                ]
              },
              {
                "name": "memory_size",
                "regex": false,
                "values": [
                  "4GB"
                ]
              },
              {
                "name": "product_code",
                "regex": true,
                "values": [
                  "SSD"
                ]
              },
              {
                "name": "product_type",
                "regex": false,
                "values": [
                  "HICPU"
                ]
              }
            ],
            "id": "1423825201",
            "ids": [
              "SVR.VSVR.HICPU.C002.M004.NET.SSD.B050.G002"
            ],
            "internet_line_type_code": null,
            "output_file": "product.json",
            "product_code": null,
            "product_name_regex": null,
            "server_image_product_code": "SW.VSVR.OS.LNX64.UBNTU.SVR2004.B050",
            "server_products": [
              {
                "base_block_storage_size": "50GB",
                "cpu_count": 2,
                "disk_type": "NET",
                "generation_code": "G2",
                "id": "SVR.VSVR.HICPU.C002.M004.NET.SSD.B050.G002",
                "infra_resource_type": "VSVR",
                "memory_size": "4GB",
                "product_code": "SVR.VSVR.HICPU.C002.M004.NET.SSD.B050.G002",
                "product_description": "vCPU 2EA, Memory 4GB, [SSD]Disk 50GB",
                "product_name": "vCPU 2EA, Memory 4GB, [SSD]Disk 50GB",
                "product_type": "HICPU",
                "server_image_product_code": ""
              }
            ],
            "zone": null
          },
          "sensitive_attributes": []
        }
      ]
    },
    {
      "mode": "managed",
      "type": "local_file",
      "name": "ssh_key",
      "provider": "provider[\"registry.terraform.io/hashicorp/local\"]",
      "instances": [
        {
          "schema_version": 0,
          "attributes": {
            "content": "-----BEGIN RSA PRIVATE KEY-----\nMIIEogIBAAKCAQEAp17W4Zls81TEEJ8kAW43t5INf9JdHby5XQ9IZl6OLXvtJLeS\nWvg7jQXSrvazhxMogVXhcAMHK+YAh7iuDi5228A+k0PzpZntK+fgDhTOek9RcdtX\npU3sAmdFSz+P682FWWXI0+DW227MyaYe1DjkSom3IkqhqSAxyeCRpIiXGmIFWtX2\nSTdRPUqfhRT1xC73tHWubIMr4HVCOcQnAOt1o/vW/KJMJvCX+GqYmTs8l+aYTQeD\nHGFAD5oWjpeZliectiQbSWycd52Vy2xoXDPjQC5d6owk8DgQdsl4+IG/S/k/KEkB\nFeABAFkqOS/72OuzVUWYOdgMaTSg64T45dIG4QIDAQABAoIBAA1Z93JPtu1CWdGp\noEms7SzrrcAAnAT/RRozWecwq87dD/HZ4wb2vmlliYUDkRa5ZIXMwAsbcrsBwhER\nnnDrK/gjwdollY4kVVMnUCxPZJlFMo4OnVNGgAlBC7oQ+/4niveysu6UBQ/EKvn7\nEoKDd1Kq4b0Ojw7azp34GCYz7znfbkfStfZBOAr0XTibECZ3PBArBtcWnqBJ7g+Z\n/SHDF4/Z/XLrfF8QjGSe5upcO3Gyz7pgYLCp6MPMrAzrDDE/gTnS7GCVNiyAdI92\nn9WyXxtTmweGifE3/ZDvtkIJ/GQDDp4naVe9XuR6jttCEAEs2SGOf/GyKgD6YoSc\nQm64ikECgYEA+hcs1zTEIrypaN9ma6Klmxpq3wmWi5Au8GPbIsE6kvzio773nOQQ\nZrk48qVnTHhiMrGK7qxJGq6mE4FMUtX0IsVWVPhn3zyWbYn7aCShyz+DMC4pptAf\nhls6zjWBOUxnEpt6u2PM9yZgUCe0QFU1t4ORqqHEgn7Yu8t8sLnsTQUCgYEAq1NI\nFEKE5KbN3ORYhC4aLjXNWyIFOMCtCRfqWg0lXLsAQt2lPCleKYz8+3wxq6umBDPd\n+N4Lilz3JzWv5foxZYFY7ef0iwEeN7u0Ba+HrGNA5xHnBhHmEJ+0tHgrGpCKaAjj\nDxcCdOah6zc9raUpoQOq2DwcXhU8MGNGa0gnGS0CgYBc9VBNjed5ofa2bJN9Xq9/\nv4oJ7V5v8eAAqp1BheFn0WfMxab0QjF2fVKVnrWOzxBxF1006gUiTdidV2ovQCfG\n5OL6Ins5lyOzA57XTwZ0rd7tgbspriKJpk9tZqXpzmRhnjk4fhgppbIXGSr+3q1g\n0R7L9eU9PDkDVNe8ON+EoQKBgGit8w2F80Lt9DyyPK9Op+pyLy4upDgf6dnzhdpN\ny/VTwP4aBTq0H/eNUImsQYEd2MsakdbcfPqmgNCxSe9fpkzZ8mcyYcWJAliVVJJg\nxKn83wwQcTLRPtwLaNMX1WZeyGJ2g52VtoeM34QjdYkisEPURM/oMoD9wo/iKIWm\nSVVlAoGAQOH2CbB7m14UuG0ooj2IopBVhPH6JTixBuWNKvIdSadmvspJwxCK85H4\nqvJ6rJWPgsRXxbzUfh7x5WwI8NXD8TfpzIuwcDj8m/C3OczAcW/x5CuPy4VvEWWQ\nYbl0uvmX1cxeT8sR2X29Wf8SAfoOAwVS50bU/X02kVLtVt7hNNI=\n-----END RSA PRIVATE KEY-----",
            "content_base64": null,
            "content_base64sha256": "mmsFNxqvq+3WD3i0om0QGV648yMwMlzcszTt19slneY=",
            "content_base64sha512": "x7dwdVHKT5KMnD+CS3rTWXeLAvdc3KivYObf9SWBfD5habgBkwFevDKDM4OkPng/gtf8dH9PenGg+b/EBMlLjg==",
            "content_md5": "5eed539f11bf98809270d556a5462efe",
            "content_sha1": "3fdf546c6d10dbc548e1ff0776dbe4b7bf66e2aa",
            "content_sha256": "9a6b05371aafabedd60f78b4a26d10195eb8f32330325cdcb334edd7db259de6",
            "content_sha512": "c7b7707551ca4f928c9c3f824b7ad359778b02f75cdca8af60e6dff525817c3e6169b80193015ebc32833383a43e783f82d7fc747f4f7a71a0f9bfc404c94b8e",
            "directory_permission": "0777",
            "file_permission": "0777",
            "filename": "login.pem",
            "id": "3fdf546c6d10dbc548e1ff0776dbe4b7bf66e2aa",
            "sensitive_content": null,
            "source": null
          },
          "sensitive_attributes": [
            [
              {
                "type": "get_attr",
                "value": "content"
              }
            ]
          ],
          "dependencies": [
            "ncloud_login_key.loginkey"
          ]
        }
      ]
    },
    {
      "mode": "managed",
      "type": "ncloud_access_control_group",
      "name": "common-acg",
      "provider": "provider[\"registry.terraform.io/navercloudplatform/ncloud\"]",
      "instances": [
        {
          "schema_version": 0,
          "attributes": {
            "access_control_group_no": "161479",
            "description": "common access control group",
            "id": "161479",
            "is_default": false,
            "name": "common-prd-acg",
            "vpc_no": "57227"
          },
          "sensitive_attributes": [],
          "private": "bnVsbA==",
          "dependencies": [
            "ncloud_vpc.prd-ncloud_vpc"
          ]
        }
      ]
    },
    {
      "mode": "managed",
      "type": "ncloud_access_control_group",
      "name": "db-acg",
      "provider": "provider[\"registry.terraform.io/navercloudplatform/ncloud\"]",
      "instances": [
        {
          "schema_version": 0,
          "attributes": {
            "access_control_group_no": "161480",
            "description": "DB access control group",
            "id": "161480",
            "is_default": false,
            "name": "db-prd-acg",
            "vpc_no": "57227"
          },
          "sensitive_attributes": [],
          "private": "bnVsbA==",
          "dependencies": [
            "ncloud_vpc.prd-ncloud_vpc"
          ]
        }
      ]
    },
    {
      "mode": "managed",
      "type": "ncloud_access_control_group",
      "name": "was-acg",
      "provider": "provider[\"registry.terraform.io/navercloudplatform/ncloud\"]",
      "instances": [
        {
          "schema_version": 0,
          "attributes": {
            "access_control_group_no": "161478",
            "description": "was access control group",
            "id": "161478",
            "is_default": false,
            "name": "was-prd-acg",
            "vpc_no": "57227"
          },
          "sensitive_attributes": [],
          "private": "bnVsbA==",
          "dependencies": [
            "ncloud_vpc.prd-ncloud_vpc"
          ]
        }
      ]
    },
    {
      "mode": "managed",
      "type": "ncloud_access_control_group",
      "name": "web-acg",
      "provider": "provider[\"registry.terraform.io/navercloudplatform/ncloud\"]",
      "instances": [
        {
          "schema_version": 0,
          "attributes": {
            "access_control_group_no": "161481",
            "description": "web access control group",
            "id": "161481",
            "is_default": false,
            "name": "web-prd-acg",
            "vpc_no": "57227"
          },
          "sensitive_attributes": [],
          "private": "bnVsbA==",
          "dependencies": [
            "ncloud_vpc.prd-ncloud_vpc"
          ]
        }
      ]
    },
    {
      "mode": "managed",
      "type": "ncloud_access_control_group_rule",
      "name": "common-acg-rule",
      "provider": "provider[\"registry.terraform.io/navercloudplatform/ncloud\"]",
      "instances": [
        {
          "schema_version": 0,
          "attributes": {
            "access_control_group_no": "161479",
            "id": "161479",
            "inbound": [
              {
                "description": "allow cloit ssh",
                "ip_block": "175.209.123.187/32",
                "port_range": "22",
                "protocol": "TCP",
                "source_access_control_group_no": ""
              }
            ],
            "outbound": [
              {
                "description": "com -\u003e db ssh",
                "ip_block": "",
                "port_range": "22",
                "protocol": "TCP",
                "source_access_control_group_no": "161480"
              },
              {
                "description": "com -\u003e was ssh",
                "ip_block": "",
                "port_range": "22",
                "protocol": "TCP",
                "source_access_control_group_no": "161478"
              },
              {
                "description": "com -\u003e web ssh",
                "ip_block": "",
                "port_range": "22",
                "protocol": "TCP",
                "source_access_control_group_no": "161481"
              }
            ],
            "timeouts": null
          },
          "sensitive_attributes": [],
          "private": "eyJlMmJmYjczMC1lY2FhLTExZTYtOGY4OC0zNDM2M2JjN2M0YzAiOnsiY3JlYXRlIjozNjAwMDAwMDAwMDAwLCJkZWxldGUiOjMwMDAwMDAwMDAwMCwidXBkYXRlIjo2MDAwMDAwMDAwMDB9fQ==",
          "dependencies": [
            "ncloud_access_control_group.common-acg",
            "ncloud_access_control_group.db-acg",
            "ncloud_access_control_group.was-acg",
            "ncloud_access_control_group.web-acg",
            "ncloud_vpc.prd-ncloud_vpc"
          ]
        }
      ]
    },
    {
      "mode": "managed",
      "type": "ncloud_access_control_group_rule",
      "name": "db-acg-rule",
      "provider": "provider[\"registry.terraform.io/navercloudplatform/ncloud\"]",
      "instances": [
        {
          "schema_version": 0,
          "attributes": {
            "access_control_group_no": "161480",
            "id": "161480",
            "inbound": [
              {
                "description": "was-lb -\u003e was ajp",
                "ip_block": "172.21.20.0/24",
                "port_range": "8009",
                "protocol": "TCP",
                "source_access_control_group_no": ""
              }
            ],
            "outbound": [],
            "timeouts": null
          },
          "sensitive_attributes": [],
          "private": "eyJlMmJmYjczMC1lY2FhLTExZTYtOGY4OC0zNDM2M2JjN2M0YzAiOnsiY3JlYXRlIjozNjAwMDAwMDAwMDAwLCJkZWxldGUiOjMwMDAwMDAwMDAwMCwidXBkYXRlIjo2MDAwMDAwMDAwMDB9fQ==",
          "dependencies": [
            "ncloud_access_control_group.db-acg",
            "ncloud_vpc.prd-ncloud_vpc"
          ]
        }
      ]
    },
    {
      "mode": "managed",
      "type": "ncloud_access_control_group_rule",
      "name": "was-acg-rule",
      "provider": "provider[\"registry.terraform.io/navercloudplatform/ncloud\"]",
      "instances": [
        {
          "schema_version": 0,
          "attributes": {
            "access_control_group_no": "161478",
            "id": "161478",
            "inbound": [
              {
                "description": "was-lb -\u003e was ajp",
                "ip_block": "172.21.35.0/24",
                "port_range": "8009",
                "protocol": "TCP",
                "source_access_control_group_no": ""
              }
            ],
            "outbound": [
              {
                "description": "was -\u003e db mysql",
                "ip_block": "172.21.20.0/24",
                "port_range": "3306",
                "protocol": "TCP",
                "source_access_control_group_no": ""
              }
            ],
            "timeouts": null
          },
          "sensitive_attributes": [],
          "private": "eyJlMmJmYjczMC1lY2FhLTExZTYtOGY4OC0zNDM2M2JjN2M0YzAiOnsiY3JlYXRlIjozNjAwMDAwMDAwMDAwLCJkZWxldGUiOjMwMDAwMDAwMDAwMCwidXBkYXRlIjo2MDAwMDAwMDAwMDB9fQ==",
          "dependencies": [
            "ncloud_access_control_group.was-acg",
            "ncloud_vpc.prd-ncloud_vpc"
          ]
        }
      ]
    },
    {
      "mode": "managed",
      "type": "ncloud_access_control_group_rule",
      "name": "web-acg-rule",
      "provider": "provider[\"registry.terraform.io/navercloudplatform/ncloud\"]",
      "instances": [
        {
          "schema_version": 0,
          "attributes": {
            "access_control_group_no": "161481",
            "id": "161481",
            "inbound": [
              {
                "description": "web-lb -\u003e web http",
                "ip_block": "172.21.30.0/24",
                "port_range": "80",
                "protocol": "TCP",
                "source_access_control_group_no": ""
              }
            ],
            "outbound": [
              {
                "description": "web -\u003e was-lb ajp",
                "ip_block": "172.21.35.0/24",
                "port_range": "8009",
                "protocol": "TCP",
                "source_access_control_group_no": ""
              }
            ],
            "timeouts": null
          },
          "sensitive_attributes": [],
          "private": "eyJlMmJmYjczMC1lY2FhLTExZTYtOGY4OC0zNDM2M2JjN2M0YzAiOnsiY3JlYXRlIjozNjAwMDAwMDAwMDAwLCJkZWxldGUiOjMwMDAwMDAwMDAwMCwidXBkYXRlIjo2MDAwMDAwMDAwMDB9fQ==",
          "dependencies": [
            "ncloud_access_control_group.web-acg",
            "ncloud_vpc.prd-ncloud_vpc"
          ]
        }
      ]
    },
    {
      "mode": "managed",
      "type": "ncloud_login_key",
      "name": "loginkey",
      "provider": "provider[\"registry.terraform.io/navercloudplatform/ncloud\"]",
      "instances": [
        {
          "schema_version": 0,
          "attributes": {
            "fingerprint": "6d:8d:5d:2d:92:b0:c9:23:bd:0a:3b:18:5c:f5:5a:bc",
            "id": "login",
            "key_name": "login",
            "private_key": "-----BEGIN RSA PRIVATE KEY-----\nMIIEogIBAAKCAQEAp17W4Zls81TEEJ8kAW43t5INf9JdHby5XQ9IZl6OLXvtJLeS\nWvg7jQXSrvazhxMogVXhcAMHK+YAh7iuDi5228A+k0PzpZntK+fgDhTOek9RcdtX\npU3sAmdFSz+P682FWWXI0+DW227MyaYe1DjkSom3IkqhqSAxyeCRpIiXGmIFWtX2\nSTdRPUqfhRT1xC73tHWubIMr4HVCOcQnAOt1o/vW/KJMJvCX+GqYmTs8l+aYTQeD\nHGFAD5oWjpeZliectiQbSWycd52Vy2xoXDPjQC5d6owk8DgQdsl4+IG/S/k/KEkB\nFeABAFkqOS/72OuzVUWYOdgMaTSg64T45dIG4QIDAQABAoIBAA1Z93JPtu1CWdGp\noEms7SzrrcAAnAT/RRozWecwq87dD/HZ4wb2vmlliYUDkRa5ZIXMwAsbcrsBwhER\nnnDrK/gjwdollY4kVVMnUCxPZJlFMo4OnVNGgAlBC7oQ+/4niveysu6UBQ/EKvn7\nEoKDd1Kq4b0Ojw7azp34GCYz7znfbkfStfZBOAr0XTibECZ3PBArBtcWnqBJ7g+Z\n/SHDF4/Z/XLrfF8QjGSe5upcO3Gyz7pgYLCp6MPMrAzrDDE/gTnS7GCVNiyAdI92\nn9WyXxtTmweGifE3/ZDvtkIJ/GQDDp4naVe9XuR6jttCEAEs2SGOf/GyKgD6YoSc\nQm64ikECgYEA+hcs1zTEIrypaN9ma6Klmxpq3wmWi5Au8GPbIsE6kvzio773nOQQ\nZrk48qVnTHhiMrGK7qxJGq6mE4FMUtX0IsVWVPhn3zyWbYn7aCShyz+DMC4pptAf\nhls6zjWBOUxnEpt6u2PM9yZgUCe0QFU1t4ORqqHEgn7Yu8t8sLnsTQUCgYEAq1NI\nFEKE5KbN3ORYhC4aLjXNWyIFOMCtCRfqWg0lXLsAQt2lPCleKYz8+3wxq6umBDPd\n+N4Lilz3JzWv5foxZYFY7ef0iwEeN7u0Ba+HrGNA5xHnBhHmEJ+0tHgrGpCKaAjj\nDxcCdOah6zc9raUpoQOq2DwcXhU8MGNGa0gnGS0CgYBc9VBNjed5ofa2bJN9Xq9/\nv4oJ7V5v8eAAqp1BheFn0WfMxab0QjF2fVKVnrWOzxBxF1006gUiTdidV2ovQCfG\n5OL6Ins5lyOzA57XTwZ0rd7tgbspriKJpk9tZqXpzmRhnjk4fhgppbIXGSr+3q1g\n0R7L9eU9PDkDVNe8ON+EoQKBgGit8w2F80Lt9DyyPK9Op+pyLy4upDgf6dnzhdpN\ny/VTwP4aBTq0H/eNUImsQYEd2MsakdbcfPqmgNCxSe9fpkzZ8mcyYcWJAliVVJJg\nxKn83wwQcTLRPtwLaNMX1WZeyGJ2g52VtoeM34QjdYkisEPURM/oMoD9wo/iKIWm\nSVVlAoGAQOH2CbB7m14UuG0ooj2IopBVhPH6JTixBuWNKvIdSadmvspJwxCK85H4\nqvJ6rJWPgsRXxbzUfh7x5WwI8NXD8TfpzIuwcDj8m/C3OczAcW/x5CuPy4VvEWWQ\nYbl0uvmX1cxeT8sR2X29Wf8SAfoOAwVS50bU/X02kVLtVt7hNNI=\n-----END RSA PRIVATE KEY-----"
          },
          "sensitive_attributes": []
        }
      ]
    },
    {
      "mode": "managed",
      "type": "ncloud_nat_gateway",
      "name": "nat_gateway",
      "provider": "provider[\"registry.terraform.io/navercloudplatform/ncloud\"]",
      "instances": [
        {
          "schema_version": 0,
          "attributes": {
            "description": "prd_nat_gw",
            "id": "22854266",
            "name": "prd-nat-gw",
            "nat_gateway_no": "22854266",
            "private_ip": "172.21.40.6",
            "public_ip": "223.130.132.228",
            "public_ip_no": "22854287",
            "subnet_name": "prd-nat-gw",
            "subnet_no": "133888",
            "vpc_no": "57227",
            "zone": "KR-1"
          },
          "sensitive_attributes": [],
          "dependencies": [
            "ncloud_network_acl.prd-nacl",
            "ncloud_subnet.nat-subnet",
            "ncloud_vpc.prd-ncloud_vpc"
          ]
        }
      ]
    },
    {
      "mode": "managed",
      "type": "ncloud_network_acl",
      "name": "prd-nacl",
      "provider": "provider[\"registry.terraform.io/navercloudplatform/ncloud\"]",
      "instances": [
        {
          "schema_version": 0,
          "attributes": {
            "description": "test by terraform",
            "id": "87189",
            "is_default": false,
            "name": "prd-nacl",
            "network_acl_no": "87189",
            "vpc_no": "57227"
          },
          "sensitive_attributes": [],
          "private": "bnVsbA==",
          "dependencies": [
            "ncloud_vpc.prd-ncloud_vpc"
          ]
        }
      ]
    },
    {
      "mode": "managed",
      "type": "ncloud_network_acl_rule",
      "name": "prd-nacl-rule",
      "provider": "provider[\"registry.terraform.io/navercloudplatform/ncloud\"]",
      "instances": [
        {
          "schema_version": 0,
          "attributes": {
            "id": "87189",
            "inbound": [
              {
                "deny_allow_group_no": "",
                "description": "",
                "ip_block": "0.0.0.0/0",
                "port_range": "1-65535",
                "priority": 100,
                "protocol": "TCP",
                "rule_action": "ALLOW"
              },
              {
                "deny_allow_group_no": "",
                "description": "",
                "ip_block": "0.0.0.0/0",
                "port_range": "1-65535",
                "priority": 110,
                "protocol": "UDP",
                "rule_action": "ALLOW"
              }
            ],
            "network_acl_no": "87189",
            "outbound": [
              {
                "deny_allow_group_no": "",
                "description": "",
                "ip_block": "0.0.0.0/0",
                "port_range": "1-65535",
                "priority": 100,
                "protocol": "TCP",
                "rule_action": "ALLOW"
              },
              {
                "deny_allow_group_no": "",
                "description": "",
                "ip_block": "0.0.0.0/0",
                "port_range": "1-65535",
                "priority": 110,
                "protocol": "UDP",
                "rule_action": "ALLOW"
              }
            ]
          },
          "sensitive_attributes": [],
          "private": "bnVsbA==",
          "dependencies": [
            "ncloud_network_acl.prd-nacl",
            "ncloud_vpc.prd-ncloud_vpc"
          ]
        }
      ]
    },
    {
      "mode": "managed",
      "type": "ncloud_network_interface",
      "name": "db-nic-1",
      "provider": "provider[\"registry.terraform.io/navercloudplatform/ncloud\"]",
      "instances": [
        {
          "schema_version": 0,
          "attributes": {
            "access_control_groups": [
              "161479",
              "161480"
            ],
            "description": "db-server-1 nic",
            "id": "3855040",
            "instance_type": null,
            "is_default": false,
            "name": "db-nic-1",
            "network_interface_no": "3855040",
            "private_ip": "172.21.20.20",
            "server_instance_no": "",
            "status": "NOTUSED",
            "subnet_no": "133887"
          },
          "sensitive_attributes": [],
          "private": "bnVsbA==",
          "dependencies": [
            "ncloud_access_control_group.common-acg",
            "ncloud_access_control_group.db-acg",
            "ncloud_network_acl.prd-nacl",
            "ncloud_subnet.db-subnet-1",
            "ncloud_vpc.prd-ncloud_vpc"
          ]
        }
      ]
    },
    {
      "mode": "managed",
      "type": "ncloud_network_interface",
      "name": "db-nic-2",
      "provider": "provider[\"registry.terraform.io/navercloudplatform/ncloud\"]",
      "instances": [
        {
          "schema_version": 0,
          "attributes": {
            "access_control_groups": [
              "161479",
              "161480"
            ],
            "description": "db-server-2 nic",
            "id": "3855044",
            "instance_type": null,
            "is_default": false,
            "name": "db-nic-2",
            "network_interface_no": "3855044",
            "private_ip": "172.21.25.25",
            "server_instance_no": "",
            "status": "NOTUSED",
            "subnet_no": "133891"
          },
          "sensitive_attributes": [],
          "private": "bnVsbA==",
          "dependencies": [
            "ncloud_access_control_group.common-acg",
            "ncloud_access_control_group.db-acg",
            "ncloud_network_acl.prd-nacl",
            "ncloud_subnet.db-subnet-2",
            "ncloud_vpc.prd-ncloud_vpc"
          ]
        }
      ]
    },
    {
      "mode": "managed",
      "type": "ncloud_network_interface",
      "name": "was-nic-1",
      "provider": "provider[\"registry.terraform.io/navercloudplatform/ncloud\"]",
      "instances": [
        {
          "schema_version": 0,
          "attributes": {
            "access_control_groups": [
              "161478",
              "161479"
            ],
            "description": "was-server-1 nic",
            "id": "3855042",
            "instance_type": null,
            "is_default": false,
            "name": "prd-was-nic-1",
            "network_interface_no": "3855042",
            "private_ip": "172.21.10.15",
            "server_instance_no": "",
            "status": "NOTUSED",
            "subnet_no": "133889"
          },
          "sensitive_attributes": [],
          "private": "bnVsbA==",
          "dependencies": [
            "ncloud_access_control_group.common-acg",
            "ncloud_access_control_group.was-acg",
            "ncloud_network_acl.prd-nacl",
            "ncloud_subnet.was-subnet-1",
            "ncloud_vpc.prd-ncloud_vpc"
          ]
        }
      ]
    },
    {
      "mode": "managed",
      "type": "ncloud_network_interface",
      "name": "was-nic-2",
      "provider": "provider[\"registry.terraform.io/navercloudplatform/ncloud\"]",
      "instances": [
        {
          "schema_version": 0,
          "attributes": {
            "access_control_groups": [
              "161478",
              "161479"
            ],
            "description": "was-server-2 nic",
            "id": "3855045",
            "instance_type": null,
            "is_default": false,
            "name": "prd-was-nic-2",
            "network_interface_no": "3855045",
            "private_ip": "172.21.15.15",
            "server_instance_no": "",
            "status": "NOTUSED",
            "subnet_no": "133893"
          },
          "sensitive_attributes": [],
          "private": "bnVsbA==",
          "dependencies": [
            "ncloud_access_control_group.common-acg",
            "ncloud_access_control_group.was-acg",
            "ncloud_network_acl.prd-nacl",
            "ncloud_subnet.was-subnet-2",
            "ncloud_vpc.prd-ncloud_vpc"
          ]
        }
      ]
    },
    {
      "mode": "managed",
      "type": "ncloud_network_interface",
      "name": "web-nic-1",
      "provider": "provider[\"registry.terraform.io/navercloudplatform/ncloud\"]",
      "instances": [
        {
          "schema_version": 0,
          "attributes": {
            "access_control_groups": [
              "161479",
              "161481"
            ],
            "description": "web-server-1 nic",
            "id": "3855039",
            "instance_type": null,
            "is_default": false,
            "name": "prd-web-nic-1",
            "network_interface_no": "3855039",
            "private_ip": "172.21.0.10",
            "server_instance_no": "",
            "status": "NOTUSED",
            "subnet_no": "133885"
          },
          "sensitive_attributes": [],
          "private": "bnVsbA==",
          "dependencies": [
            "ncloud_access_control_group.common-acg",
            "ncloud_access_control_group.web-acg",
            "ncloud_network_acl.prd-nacl",
            "ncloud_subnet.web-subnet-1",
            "ncloud_vpc.prd-ncloud_vpc"
          ]
        }
      ]
    },
    {
      "mode": "managed",
      "type": "ncloud_network_interface",
      "name": "web-nic-2",
      "provider": "provider[\"registry.terraform.io/navercloudplatform/ncloud\"]",
      "instances": [
        {
          "schema_version": 0,
          "attributes": {
            "access_control_groups": [
              "161479",
              "161481"
            ],
            "description": "web-server-2 nic",
            "id": "3855043",
            "instance_type": null,
            "is_default": false,
            "name": "prd-web-nic-2",
            "network_interface_no": "3855043",
            "private_ip": "172.21.5.10",
            "server_instance_no": "",
            "status": "NOTUSED",
            "subnet_no": "133890"
          },
          "sensitive_attributes": [],
          "private": "bnVsbA==",
          "dependencies": [
            "ncloud_access_control_group.common-acg",
            "ncloud_access_control_group.web-acg",
            "ncloud_network_acl.prd-nacl",
            "ncloud_subnet.web-subnet-2",
            "ncloud_vpc.prd-ncloud_vpc"
          ]
        }
      ]
    },
    {
      "mode": "managed",
      "type": "ncloud_public_ip",
      "name": "prd-web-01-pub",
      "provider": "provider[\"registry.terraform.io/navercloudplatform/ncloud\"]",
      "instances": [
        {
          "schema_version": 0,
          "attributes": {
            "description": "prd-web-01-pub-ip",
            "id": "22854334",
            "instance_no": "22854334",
            "internet_line_type": null,
            "kind_type": null,
            "public_ip": "223.130.128.177",
            "public_ip_no": "22854334",
            "server_instance_no": "22854267",
            "zone": null
          },
          "sensitive_attributes": [],
          "private": "bnVsbA==",
          "dependencies": [
            "data.ncloud_member_server_image.member_server_base_image",
            "data.ncloud_server_product.stand_product",
            "ncloud_access_control_group.common-acg",
            "ncloud_access_control_group.web-acg",
            "ncloud_login_key.loginkey",
            "ncloud_network_acl.prd-nacl",
            "ncloud_network_interface.web-nic-1",
            "ncloud_server.prd-web-01",
            "ncloud_subnet.web-subnet-1",
            "ncloud_vpc.prd-ncloud_vpc"
          ]
        }
      ]
    },
    {
      "mode": "managed",
      "type": "ncloud_public_ip",
      "name": "prd-web-02-pub",
      "provider": "provider[\"registry.terraform.io/navercloudplatform/ncloud\"]",
      "instances": [
        {
          "schema_version": 0,
          "attributes": {
            "description": "prd-web-02-pub-ip",
            "id": "22854341",
            "instance_no": "22854341",
            "internet_line_type": null,
            "kind_type": null,
            "public_ip": "175.45.201.249",
            "public_ip_no": "22854341",
            "server_instance_no": "22854276",
            "zone": null
          },
          "sensitive_attributes": [],
          "private": "bnVsbA==",
          "dependencies": [
            "data.ncloud_member_server_image.member_server_base_image",
            "data.ncloud_server_product.stand_product",
            "ncloud_access_control_group.common-acg",
            "ncloud_access_control_group.web-acg",
            "ncloud_login_key.loginkey",
            "ncloud_network_acl.prd-nacl",
            "ncloud_network_interface.web-nic-2",
            "ncloud_server.prd-web-02",
            "ncloud_subnet.web-subnet-2",
            "ncloud_vpc.prd-ncloud_vpc"
          ]
        }
      ]
    },
    {
      "mode": "managed",
      "type": "ncloud_route",
      "name": "pri-route-rule",
      "provider": "provider[\"registry.terraform.io/navercloudplatform/ncloud\"]",
      "instances": [
        {
          "schema_version": 0,
          "attributes": {
            "destination_cidr_block": "0.0.0.0/0",
            "id": "route-546051993",
            "is_default": false,
            "route_table_no": "121581",
            "target_name": "prd-nat-gw",
            "target_no": "22854266",
            "target_type": "NATGW",
            "vpc_no": "57227"
          },
          "sensitive_attributes": [],
          "private": "bnVsbA==",
          "dependencies": [
            "data.ncloud_route_table.default_pri_route",
            "ncloud_nat_gateway.nat_gateway",
            "ncloud_network_acl.prd-nacl",
            "ncloud_subnet.nat-subnet",
            "ncloud_vpc.prd-ncloud_vpc"
          ]
        }
      ]
    },
    {
      "mode": "managed",
      "type": "ncloud_server",
      "name": "prd-db-01",
      "provider": "provider[\"registry.terraform.io/navercloudplatform/ncloud\"]",
      "instances": [
        {
          "schema_version": 0,
          "attributes": {
            "access_control_group_configuration_no_list": null,
            "base_block_storage_disk_detail_type": "SSD",
            "base_block_storage_disk_type": "NET",
            "base_block_storage_size": null,
            "cpu_count": 2,
            "description": "",
            "fee_system_type_code": null,
            "id": "22854270",
            "init_script_no": "",
            "instance_no": "22854270",
            "internet_line_type": null,
            "is_encrypted_base_block_storage_volume": null,
            "is_fee_charging_monitoring": null,
            "is_protect_server_termination": false,
            "login_key_name": "login",
            "member_server_image_no": "16875575",
            "memory_size": 0,
            "name": "prd-db-01",
            "network_interface": [
              {
                "network_interface_no": "3855040",
                "order": 0,
                "private_ip": "172.21.20.20",
                "subnet_no": "133887"
              }
            ],
            "placement_group_no": "",
            "platform_type": "UBS64",
            "port_forwarding_external_port": null,
            "port_forwarding_internal_port": null,
            "port_forwarding_public_ip": null,
            "private_ip": null,
            "public_ip": "",
            "raid_type_name": null,
            "region": null,
            "server_image_name": null,
            "server_image_product_code": "SW.VSVR.OS.LNX64.UBNTU.SVR2004.B050",
            "server_product_code": "SVR.VSVR.HICPU.C002.M004.NET.SSD.B050.G002",
            "subnet_no": "133887",
            "tag_list": [],
            "timeouts": null,
            "user_data": null,
            "vpc_no": "57227",
            "zone": "KR-1"
          },
          "sensitive_attributes": [],
          "private": "eyJlMmJmYjczMC1lY2FhLTExZTYtOGY4OC0zNDM2M2JjN2M0YzAiOnsiY3JlYXRlIjozNjAwMDAwMDAwMDAwLCJkZWxldGUiOjMwMDAwMDAwMDAwMH19",
          "dependencies": [
            "data.ncloud_member_server_image.member_server_base_image",
            "data.ncloud_server_product.stand_product",
            "ncloud_access_control_group.common-acg",
            "ncloud_access_control_group.db-acg",
            "ncloud_login_key.loginkey",
            "ncloud_network_acl.prd-nacl",
            "ncloud_network_interface.db-nic-1",
            "ncloud_subnet.db-subnet-1",
            "ncloud_vpc.prd-ncloud_vpc"
          ]
        }
      ]
    },
    {
      "mode": "managed",
      "type": "ncloud_server",
      "name": "prd-db-02",
      "provider": "provider[\"registry.terraform.io/navercloudplatform/ncloud\"]",
      "instances": [
        {
          "schema_version": 0,
          "attributes": {
            "access_control_group_configuration_no_list": null,
            "base_block_storage_disk_detail_type": "SSD",
            "base_block_storage_disk_type": "NET",
            "base_block_storage_size": null,
            "cpu_count": 2,
            "description": "",
            "fee_system_type_code": null,
            "id": "22854280",
            "init_script_no": "",
            "instance_no": "22854280",
            "internet_line_type": null,
            "is_encrypted_base_block_storage_volume": null,
            "is_fee_charging_monitoring": null,
            "is_protect_server_termination": false,
            "login_key_name": "login",
            "member_server_image_no": "16875575",
            "memory_size": 0,
            "name": "prd-db-02",
            "network_interface": [
              {
                "network_interface_no": "3855044",
                "order": 0,
                "private_ip": "172.21.25.25",
                "subnet_no": "133891"
              }
            ],
            "placement_group_no": "",
            "platform_type": "UBS64",
            "port_forwarding_external_port": null,
            "port_forwarding_internal_port": null,
            "port_forwarding_public_ip": null,
            "private_ip": null,
            "public_ip": "",
            "raid_type_name": null,
            "region": null,
            "server_image_name": null,
            "server_image_product_code": "SW.VSVR.OS.LNX64.UBNTU.SVR2004.B050",
            "server_product_code": "SVR.VSVR.HICPU.C002.M004.NET.SSD.B050.G002",
            "subnet_no": "133891",
            "tag_list": [],
            "timeouts": null,
            "user_data": null,
            "vpc_no": "57227",
            "zone": "KR-2"
          },
          "sensitive_attributes": [],
          "private": "eyJlMmJmYjczMC1lY2FhLTExZTYtOGY4OC0zNDM2M2JjN2M0YzAiOnsiY3JlYXRlIjozNjAwMDAwMDAwMDAwLCJkZWxldGUiOjMwMDAwMDAwMDAwMH19",
          "dependencies": [
            "data.ncloud_member_server_image.member_server_base_image",
            "data.ncloud_server_product.stand_product",
            "ncloud_access_control_group.common-acg",
            "ncloud_access_control_group.db-acg",
            "ncloud_login_key.loginkey",
            "ncloud_network_acl.prd-nacl",
            "ncloud_network_interface.db-nic-2",
            "ncloud_subnet.db-subnet-2",
            "ncloud_vpc.prd-ncloud_vpc"
          ]
        }
      ]
    },
    {
      "mode": "managed",
      "type": "ncloud_server",
      "name": "prd-was-01",
      "provider": "provider[\"registry.terraform.io/navercloudplatform/ncloud\"]",
      "instances": [
        {
          "schema_version": 0,
          "attributes": {
            "access_control_group_configuration_no_list": null,
            "base_block_storage_disk_detail_type": "SSD",
            "base_block_storage_disk_type": "NET",
            "base_block_storage_size": null,
            "cpu_count": 2,
            "description": "",
            "fee_system_type_code": null,
            "id": "22854273",
            "init_script_no": "",
            "instance_no": "22854273",
            "internet_line_type": null,
            "is_encrypted_base_block_storage_volume": null,
            "is_fee_charging_monitoring": null,
            "is_protect_server_termination": false,
            "login_key_name": "login",
            "member_server_image_no": "16875575",
            "memory_size": 0,
            "name": "prd-was-01",
            "network_interface": [
              {
                "network_interface_no": "3855042",
                "order": 0,
                "private_ip": "172.21.10.15",
                "subnet_no": "133889"
              }
            ],
            "placement_group_no": "",
            "platform_type": "UBS64",
            "port_forwarding_external_port": null,
            "port_forwarding_internal_port": null,
            "port_forwarding_public_ip": null,
            "private_ip": null,
            "public_ip": "",
            "raid_type_name": null,
            "region": null,
            "server_image_name": null,
            "server_image_product_code": "SW.VSVR.OS.LNX64.UBNTU.SVR2004.B050",
            "server_product_code": "SVR.VSVR.HICPU.C002.M004.NET.SSD.B050.G002",
            "subnet_no": "133889",
            "tag_list": [],
            "timeouts": null,
            "user_data": null,
            "vpc_no": "57227",
            "zone": "KR-1"
          },
          "sensitive_attributes": [],
          "private": "eyJlMmJmYjczMC1lY2FhLTExZTYtOGY4OC0zNDM2M2JjN2M0YzAiOnsiY3JlYXRlIjozNjAwMDAwMDAwMDAwLCJkZWxldGUiOjMwMDAwMDAwMDAwMH19",
          "dependencies": [
            "data.ncloud_member_server_image.member_server_base_image",
            "data.ncloud_server_product.stand_product",
            "ncloud_access_control_group.common-acg",
            "ncloud_access_control_group.was-acg",
            "ncloud_login_key.loginkey",
            "ncloud_network_acl.prd-nacl",
            "ncloud_network_interface.was-nic-1",
            "ncloud_subnet.was-subnet-1",
            "ncloud_vpc.prd-ncloud_vpc"
          ]
        }
      ]
    },
    {
      "mode": "managed",
      "type": "ncloud_server",
      "name": "prd-was-02",
      "provider": "provider[\"registry.terraform.io/navercloudplatform/ncloud\"]",
      "instances": [
        {
          "schema_version": 0,
          "attributes": {
            "access_control_group_configuration_no_list": null,
            "base_block_storage_disk_detail_type": "SSD",
            "base_block_storage_disk_type": "NET",
            "base_block_storage_size": null,
            "cpu_count": 2,
            "description": "",
            "fee_system_type_code": null,
            "id": "22854284",
            "init_script_no": "",
            "instance_no": "22854284",
            "internet_line_type": null,
            "is_encrypted_base_block_storage_volume": null,
            "is_fee_charging_monitoring": null,
            "is_protect_server_termination": false,
            "login_key_name": "login",
            "member_server_image_no": "16875575",
            "memory_size": 0,
            "name": "prd-was-02",
            "network_interface": [
              {
                "network_interface_no": "3855045",
                "order": 0,
                "private_ip": "172.21.15.15",
                "subnet_no": "133893"
              }
            ],
            "placement_group_no": "",
            "platform_type": "UBS64",
            "port_forwarding_external_port": null,
            "port_forwarding_internal_port": null,
            "port_forwarding_public_ip": null,
            "private_ip": null,
            "public_ip": "",
            "raid_type_name": null,
            "region": null,
            "server_image_name": null,
            "server_image_product_code": "SW.VSVR.OS.LNX64.UBNTU.SVR2004.B050",
            "server_product_code": "SVR.VSVR.HICPU.C002.M004.NET.SSD.B050.G002",
            "subnet_no": "133893",
            "tag_list": [],
            "timeouts": null,
            "user_data": null,
            "vpc_no": "57227",
            "zone": "KR-2"
          },
          "sensitive_attributes": [],
          "private": "eyJlMmJmYjczMC1lY2FhLTExZTYtOGY4OC0zNDM2M2JjN2M0YzAiOnsiY3JlYXRlIjozNjAwMDAwMDAwMDAwLCJkZWxldGUiOjMwMDAwMDAwMDAwMH19",
          "dependencies": [
            "data.ncloud_member_server_image.member_server_base_image",
            "data.ncloud_server_product.stand_product",
            "ncloud_access_control_group.common-acg",
            "ncloud_access_control_group.was-acg",
            "ncloud_login_key.loginkey",
            "ncloud_network_acl.prd-nacl",
            "ncloud_network_interface.was-nic-2",
            "ncloud_subnet.was-subnet-2",
            "ncloud_vpc.prd-ncloud_vpc"
          ]
        }
      ]
    },
    {
      "mode": "managed",
      "type": "ncloud_server",
      "name": "prd-web-01",
      "provider": "provider[\"registry.terraform.io/navercloudplatform/ncloud\"]",
      "instances": [
        {
          "schema_version": 0,
          "attributes": {
            "access_control_group_configuration_no_list": null,
            "base_block_storage_disk_detail_type": "SSD",
            "base_block_storage_disk_type": "NET",
            "base_block_storage_size": null,
            "cpu_count": 2,
            "description": "",
            "fee_system_type_code": null,
            "id": "22854267",
            "init_script_no": "",
            "instance_no": "22854267",
            "internet_line_type": null,
            "is_encrypted_base_block_storage_volume": null,
            "is_fee_charging_monitoring": null,
            "is_protect_server_termination": false,
            "login_key_name": "login",
            "member_server_image_no": "16875575",
            "memory_size": 0,
            "name": "prd-web-01",
            "network_interface": [
              {
                "network_interface_no": "3855039",
                "order": 0,
                "private_ip": "172.21.0.10",
                "subnet_no": "133885"
              }
            ],
            "placement_group_no": "",
            "platform_type": "UBS64",
            "port_forwarding_external_port": null,
            "port_forwarding_internal_port": null,
            "port_forwarding_public_ip": null,
            "private_ip": null,
            "public_ip": "",
            "raid_type_name": null,
            "region": null,
            "server_image_name": null,
            "server_image_product_code": "SW.VSVR.OS.LNX64.UBNTU.SVR2004.B050",
            "server_product_code": "SVR.VSVR.HICPU.C002.M004.NET.SSD.B050.G002",
            "subnet_no": "133885",
            "tag_list": [],
            "timeouts": null,
            "user_data": null,
            "vpc_no": "57227",
            "zone": "KR-1"
          },
          "sensitive_attributes": [],
          "private": "eyJlMmJmYjczMC1lY2FhLTExZTYtOGY4OC0zNDM2M2JjN2M0YzAiOnsiY3JlYXRlIjozNjAwMDAwMDAwMDAwLCJkZWxldGUiOjMwMDAwMDAwMDAwMH19",
          "dependencies": [
            "data.ncloud_member_server_image.member_server_base_image",
            "data.ncloud_server_product.stand_product",
            "ncloud_access_control_group.common-acg",
            "ncloud_access_control_group.web-acg",
            "ncloud_login_key.loginkey",
            "ncloud_network_acl.prd-nacl",
            "ncloud_network_interface.web-nic-1",
            "ncloud_subnet.web-subnet-1",
            "ncloud_vpc.prd-ncloud_vpc"
          ]
        }
      ]
    },
    {
      "mode": "managed",
      "type": "ncloud_server",
      "name": "prd-web-02",
      "provider": "provider[\"registry.terraform.io/navercloudplatform/ncloud\"]",
      "instances": [
        {
          "schema_version": 0,
          "attributes": {
            "access_control_group_configuration_no_list": null,
            "base_block_storage_disk_detail_type": "SSD",
            "base_block_storage_disk_type": "NET",
            "base_block_storage_size": null,
            "cpu_count": 2,
            "description": "",
            "fee_system_type_code": null,
            "id": "22854276",
            "init_script_no": "",
            "instance_no": "22854276",
            "internet_line_type": null,
            "is_encrypted_base_block_storage_volume": null,
            "is_fee_charging_monitoring": null,
            "is_protect_server_termination": false,
            "login_key_name": "login",
            "member_server_image_no": "16875575",
            "memory_size": 0,
            "name": "prd-web-02",
            "network_interface": [
              {
                "network_interface_no": "3855043",
                "order": 0,
                "private_ip": "172.21.5.10",
                "subnet_no": "133890"
              }
            ],
            "placement_group_no": "",
            "platform_type": "UBS64",
            "port_forwarding_external_port": null,
            "port_forwarding_internal_port": null,
            "port_forwarding_public_ip": null,
            "private_ip": null,
            "public_ip": "",
            "raid_type_name": null,
            "region": null,
            "server_image_name": null,
            "server_image_product_code": "SW.VSVR.OS.LNX64.UBNTU.SVR2004.B050",
            "server_product_code": "SVR.VSVR.HICPU.C002.M004.NET.SSD.B050.G002",
            "subnet_no": "133890",
            "tag_list": [],
            "timeouts": null,
            "user_data": null,
            "vpc_no": "57227",
            "zone": "KR-2"
          },
          "sensitive_attributes": [],
          "private": "eyJlMmJmYjczMC1lY2FhLTExZTYtOGY4OC0zNDM2M2JjN2M0YzAiOnsiY3JlYXRlIjozNjAwMDAwMDAwMDAwLCJkZWxldGUiOjMwMDAwMDAwMDAwMH19",
          "dependencies": [
            "data.ncloud_member_server_image.member_server_base_image",
            "data.ncloud_server_product.stand_product",
            "ncloud_access_control_group.common-acg",
            "ncloud_access_control_group.web-acg",
            "ncloud_login_key.loginkey",
            "ncloud_network_acl.prd-nacl",
            "ncloud_network_interface.web-nic-2",
            "ncloud_subnet.web-subnet-2",
            "ncloud_vpc.prd-ncloud_vpc"
          ]
        }
      ]
    },
    {
      "mode": "managed",
      "type": "ncloud_subnet",
      "name": "db-subnet-1",
      "provider": "provider[\"registry.terraform.io/navercloudplatform/ncloud\"]",
      "instances": [
        {
          "schema_version": 0,
          "attributes": {
            "id": "133887",
            "name": "prd-db-subnet-01",
            "network_acl_no": "87189",
            "subnet": "172.21.20.0/24",
            "subnet_no": "133887",
            "subnet_type": "PRIVATE",
            "usage_type": "GEN",
            "vpc_no": "57227",
            "zone": "KR-1"
          },
          "sensitive_attributes": [],
          "dependencies": [
            "ncloud_network_acl.prd-nacl",
            "ncloud_vpc.prd-ncloud_vpc"
          ]
        }
      ]
    },
    {
      "mode": "managed",
      "type": "ncloud_subnet",
      "name": "db-subnet-2",
      "provider": "provider[\"registry.terraform.io/navercloudplatform/ncloud\"]",
      "instances": [
        {
          "schema_version": 0,
          "attributes": {
            "id": "133891",
            "name": "prd-db-subnet-02",
            "network_acl_no": "87189",
            "subnet": "172.21.25.0/24",
            "subnet_no": "133891",
            "subnet_type": "PRIVATE",
            "usage_type": "GEN",
            "vpc_no": "57227",
            "zone": "KR-2"
          },
          "sensitive_attributes": [],
          "dependencies": [
            "ncloud_network_acl.prd-nacl",
            "ncloud_vpc.prd-ncloud_vpc"
          ]
        }
      ]
    },
    {
      "mode": "managed",
      "type": "ncloud_subnet",
      "name": "lb-subnet-pri",
      "provider": "provider[\"registry.terraform.io/navercloudplatform/ncloud\"]",
      "instances": [
        {
          "schema_version": 0,
          "attributes": {
            "id": "133886",
            "name": "prd-lb-subnet-pri",
            "network_acl_no": "87189",
            "subnet": "172.21.35.0/24",
            "subnet_no": "133886",
            "subnet_type": "PRIVATE",
            "usage_type": "GEN",
            "vpc_no": "57227",
            "zone": "KR-1"
          },
          "sensitive_attributes": [],
          "dependencies": [
            "ncloud_network_acl.prd-nacl",
            "ncloud_vpc.prd-ncloud_vpc"
          ]
        }
      ]
    },
    {
      "mode": "managed",
      "type": "ncloud_subnet",
      "name": "lb-subnet-pub",
      "provider": "provider[\"registry.terraform.io/navercloudplatform/ncloud\"]",
      "instances": [
        {
          "schema_version": 0,
          "attributes": {
            "id": "133892",
            "name": "prd-lb-subnet-pub",
            "network_acl_no": "87189",
            "subnet": "172.21.30.0/24",
            "subnet_no": "133892",
            "subnet_type": "PUBLIC",
            "usage_type": "GEN",
            "vpc_no": "57227",
            "zone": "KR-1"
          },
          "sensitive_attributes": [],
          "dependencies": [
            "ncloud_network_acl.prd-nacl",
            "ncloud_vpc.prd-ncloud_vpc"
          ]
        }
      ]
    },
    {
      "mode": "managed",
      "type": "ncloud_subnet",
      "name": "nat-subnet",
      "provider": "provider[\"registry.terraform.io/navercloudplatform/ncloud\"]",
      "instances": [
        {
          "schema_version": 0,
          "attributes": {
            "id": "133888",
            "name": "prd-nat-gw",
            "network_acl_no": "87189",
            "subnet": "172.21.40.0/24",
            "subnet_no": "133888",
            "subnet_type": "PUBLIC",
            "usage_type": "NATGW",
            "vpc_no": "57227",
            "zone": "KR-1"
          },
          "sensitive_attributes": [],
          "dependencies": [
            "ncloud_network_acl.prd-nacl",
            "ncloud_vpc.prd-ncloud_vpc"
          ]
        }
      ]
    },
    {
      "mode": "managed",
      "type": "ncloud_subnet",
      "name": "was-subnet-1",
      "provider": "provider[\"registry.terraform.io/navercloudplatform/ncloud\"]",
      "instances": [
        {
          "schema_version": 0,
          "attributes": {
            "id": "133889",
            "name": "prd-was-subnet-01",
            "network_acl_no": "87189",
            "subnet": "172.21.10.0/24",
            "subnet_no": "133889",
            "subnet_type": "PRIVATE",
            "usage_type": "GEN",
            "vpc_no": "57227",
            "zone": "KR-1"
          },
          "sensitive_attributes": [],
          "dependencies": [
            "ncloud_network_acl.prd-nacl",
            "ncloud_vpc.prd-ncloud_vpc"
          ]
        }
      ]
    },
    {
      "mode": "managed",
      "type": "ncloud_subnet",
      "name": "was-subnet-2",
      "provider": "provider[\"registry.terraform.io/navercloudplatform/ncloud\"]",
      "instances": [
        {
          "schema_version": 0,
          "attributes": {
            "id": "133893",
            "name": "prd-was-subnet-02",
            "network_acl_no": "87189",
            "subnet": "172.21.15.0/24",
            "subnet_no": "133893",
            "subnet_type": "PRIVATE",
            "usage_type": "GEN",
            "vpc_no": "57227",
            "zone": "KR-2"
          },
          "sensitive_attributes": [],
          "dependencies": [
            "ncloud_network_acl.prd-nacl",
            "ncloud_vpc.prd-ncloud_vpc"
          ]
        }
      ]
    },
    {
      "mode": "managed",
      "type": "ncloud_subnet",
      "name": "web-subnet-1",
      "provider": "provider[\"registry.terraform.io/navercloudplatform/ncloud\"]",
      "instances": [
        {
          "schema_version": 0,
          "attributes": {
            "id": "133885",
            "name": "prd-web-subnet-01",
            "network_acl_no": "87189",
            "subnet": "172.21.0.0/24",
            "subnet_no": "133885",
            "subnet_type": "PUBLIC",
            "usage_type": "GEN",
            "vpc_no": "57227",
            "zone": "KR-1"
          },
          "sensitive_attributes": [],
          "dependencies": [
            "ncloud_network_acl.prd-nacl",
            "ncloud_vpc.prd-ncloud_vpc"
          ]
        }
      ]
    },
    {
      "mode": "managed",
      "type": "ncloud_subnet",
      "name": "web-subnet-2",
      "provider": "provider[\"registry.terraform.io/navercloudplatform/ncloud\"]",
      "instances": [
        {
          "schema_version": 0,
          "attributes": {
            "id": "133890",
            "name": "prd-web-subnet-02",
            "network_acl_no": "87189",
            "subnet": "172.21.5.0/24",
            "subnet_no": "133890",
            "subnet_type": "PUBLIC",
            "usage_type": "GEN",
            "vpc_no": "57227",
            "zone": "KR-2"
          },
          "sensitive_attributes": [],
          "dependencies": [
            "ncloud_network_acl.prd-nacl",
            "ncloud_vpc.prd-ncloud_vpc"
          ]
        }
      ]
    },
    {
      "mode": "managed",
      "type": "ncloud_vpc",
      "name": "prd-ncloud_vpc",
      "provider": "provider[\"registry.terraform.io/navercloudplatform/ncloud\"]",
      "instances": [
        {
          "schema_version": 0,
          "attributes": {
            "default_access_control_group_no": "161477",
            "default_network_acl_no": "87188",
            "default_private_route_table_no": "121581",
            "default_public_route_table_no": "121580",
            "id": "57227",
            "ipv4_cidr_block": "172.21.0.0/16",
            "name": "prd-vpc",
            "vpc_no": "57227"
          },
          "sensitive_attributes": []
        }
      ]
    }
  ],
  "check_results": null
}
