{
  "version": 4,
  "terraform_version": "1.7.1",
  "serial": 257,
  "lineage": "2e4c4bb7-be46-c291-cf17-5e6b6e21f1f6",
  "outputs": {
    "dev-web-01-pub": {
      "value": "223.130.128.31",
      "type": "string"
    },
    "products": {
      "value": {
        "SVR.VSVR.HICPU.C002.M004.NET.SSD.B050.G002": "vCPU 2EA, Memory 4GB, [SSD]Disk 50GB"
      },
      "type": [
        "object",
        {
          "SVR.VSVR.HICPU.C002.M004.NET.SSD.B050.G002": "string"
        }
      ]
    }
  },
  "resources": [
    {
      "mode": "data",
      "type": "ncloud_member_server_image",
      "name": "member_server_base_image",
      "provider": "provider[\"registry.terraform.io/navercloudplatform/ncloud\"]",
      "instances": [
        {
          "schema_version": 0,
          "attributes": {
            "block_storage_total_rows": 1,
            "block_storage_total_size": -2147483648,
            "description": "",
            "filter": null,
            "id": "16875575",
            "name": "jwkim-test",
            "name_regex": null,
            "no": "16875575",
            "no_list": [
              "16875575"
            ],
            "original_base_block_storage_disk_type": null,
            "original_os_information": null,
            "original_server_image_name": null,
            "original_server_image_product_code": "SW.VSVR.OS.LNX64.UBNTU.SVR2004.B050",
            "original_server_instance_no": "16840066",
            "original_server_name": null,
            "original_server_product_code": null,
            "platform_type": null,
            "platform_type_code_list": null,
            "region": null
          },
          "sensitive_attributes": []
        }
      ]
    },
    {
      "mode": "data",
      "type": "ncloud_regions",
      "name": "regions",
      "provider": "provider[\"registry.terraform.io/navercloudplatform/ncloud\"]",
      "instances": [
        {
          "schema_version": 0,
          "attributes": {
            "code": null,
            "filter": null,
            "id": "2024-02-29 05:54:28.4140298 +0000 UTC",
            "output_file": null,
            "regions": [
              {
                "region_code": "KR",
                "region_name": "Korea",
                "region_no": ""
              },
              {
                "region_code": "SGN",
                "region_name": "Singapore(New)",
                "region_no": ""
              },
              {
                "region_code": "JPN",
                "region_name": "Japan(New)",
                "region_no": ""
              }
            ]
          },
          "sensitive_attributes": []
        }
      ]
    },
    {
      "mode": "data",
      "type": "ncloud_route_table",
      "name": "default_pri_route",
      "provider": "provider[\"registry.terraform.io/navercloudplatform/ncloud\"]",
      "instances": [
        {
          "schema_version": 0,
          "attributes": {
            "description": "VPC [dev-vpc] default Route Table for private Subnet",
            "filter": [
              {
                "name": "is_default",
                "regex": false,
                "values": [
                  "true"
                ]
              }
            ],
            "id": "121565",
            "is_default": true,
            "name": "dev-vpc-default-private-table",
            "route_table_no": "121565",
            "supported_subnet_type": "PRIVATE",
            "vpc_no": "57220"
          },
          "sensitive_attributes": []
        }
      ]
    },
    {
      "mode": "data",
      "type": "ncloud_server_images",
      "name": "server_images",
      "provider": "provider[\"registry.terraform.io/navercloudplatform/ncloud\"]",
      "instances": [
        {
          "schema_version": 0,
          "attributes": {
            "block_storage_size": null,
            "exclusion_product_code": null,
            "filter": null,
            "id": "1473881694",
            "ids": [
              "SW.VSVR.OS.LNX64.CNTOS.0703.B050",
              "SW.VSVR.OS.LNX64.CNTOS.0708.B050",
              "SW.VSVR.OS.LNX64.ROCKY.0808.B050",
              "SW.VSVR.OS.LNX64.ROCKY.0806.B050",
              "SW.VSVR.APP.LNX64.CNTOS.0708.TNSFL.LATEST.B050",
              "SW.VSVR.APP.LNX64.CNTOS.0708.WEBTB.LATEST.B050",
              "SW.VSVR.APP.LNX64.CNTOS.0708.JEUS.LATEST.B050",
              "SW.VSVR.APP.LNX64.CNTOS.0708.TOMCT.LATEST.B050",
              "SW.VSVR.APP.LNX64.UBNTU.SVR1804.TNSFL.LATEST.B050",
              "SW.VSVR.DBMS.LNX64.CNTOS.0708.MARIA.102.B050",
              "SW.VSVR.DBMS.LNX64.CNTOS.0708.MYSQL.0800.B050",
              "SW.VSVR.APP.LNX64.UBNTU.SVR2004.TNSFL.LATEST.B050",
              "SW.VSVR.OS.LNX64.UBNTU.SVR1804.B050",
              "SW.VSVR.OS.LNX64.UBNTU.SVR2004.B050",
              "SW.VSVR.DBMS.WND64.WND.SVR2019STDEN.MSSQL.2022.B100",
              "SW.VSVR.DBMS.WND64.WND.SVR2016STDEN.MSSQL.2017.B100",
              "SW.VSVR.DBMS.LNX64.CNTOS.0708.PSTGR.1403.B050",
              "SW.VSVR.DBMS.LNX64.CNTOS.0708.PSTGR.1303.B050",
              "SW.VSVR.DBMS.WND64.WND.SVR2019STDEN.MSSQL.2019.B100",
              "SW.VSVR.DBMS.WND64.WND.SVR2016STDEN.MSSQL.2019.B100",
              "SW.VSVR.APP.LNX64.CNTOS.0708.PINPT.LATEST.B050",
              "SW.VSVR.APP.LNX64.CNTOS.0703.PINPT.173.B050",
              "SW.VSVR.DBMS.LNX64.ROCKY.0808.TBERO.CEE7.B050",
              "SW.VSVR.APP.LNX64.CNTOS.0708.CLARA.LATEST.B050",
              "SW.VSVR.DBMS.LNX64.ROCKY.0808.TBERO.CSE7.B050",
              "SW.VSVR.DBMS.LNX64.CNTOS.0708.TBERO.LATEST.B050",
              "SW.VSVR.APP.LNX64.UBNTU.SVR1804.CLARA.LATEST.B050",
              "SW.VSVR.OS.WND64.WND.SVR2016EN.B100",
              "SW.VSVR.APP.LNX64.CNTOS.0708.RBBT.LATEST.B050",
              "SW.VSVR.APP.LNX64.CNTOS.0708.DCOMM.LATEST.B050",
              "SW.VSVR.OS.WND64.WND.SVR2019EN.B100"
            ],
            "infra_resource_detail_type_code": null,
            "output_file": "image.json",
            "platform_type": null,
            "product_code": null,
            "product_name_regex": null,
            "region": null,
            "server_images": [
              {
                "base_block_storage_size": "50GB",
                "id": "SW.VSVR.OS.LNX64.CNTOS.0703.B050",
                "infra_resource_detail_type_code": "",
                "infra_resource_type": "SW",
                "os_information": "CentOS 7.3 (64-bit)",
                "platform_type": "LNX64",
                "product_code": "SW.VSVR.OS.LNX64.CNTOS.0703.B050",
                "product_description": "CentOS 7.3 (64-bit)",
                "product_name": "centos-7.3-64",
                "product_type": "LINUX"
              },
              {
                "base_block_storage_size": "50GB",
                "id": "SW.VSVR.OS.LNX64.CNTOS.0708.B050",
                "infra_resource_detail_type_code": "",
                "infra_resource_type": "SW",
                "os_information": "CentOS 7.8 (64-bit)",
                "platform_type": "LNX64",
                "product_code": "SW.VSVR.OS.LNX64.CNTOS.0708.B050",
                "product_description": "CentOS 7.8 (64-bit)",
                "product_name": "CentOS 7.8 (64-bit)",
                "product_type": "LINUX"
              },
              {
                "base_block_storage_size": "50GB",
                "id": "SW.VSVR.OS.LNX64.ROCKY.0808.B050",
                "infra_resource_detail_type_code": "",
                "infra_resource_type": "SW",
                "os_information": "Rocky Linux 8.8",
                "platform_type": "LNX64",
                "product_code": "SW.VSVR.OS.LNX64.ROCKY.0808.B050",
                "product_description": "Rocky Linux 8.8",
                "product_name": "Rocky Linux 8.8",
                "product_type": "LINUX"
              },
              {
                "base_block_storage_size": "50GB",
                "id": "SW.VSVR.OS.LNX64.ROCKY.0806.B050",
                "infra_resource_detail_type_code": "",
                "infra_resource_type": "SW",
                "os_information": "Rocky Linux 8.6",
                "platform_type": "LNX64",
                "product_code": "SW.VSVR.OS.LNX64.ROCKY.0806.B050",
                "product_description": "Rocky Linux 8.6",
                "product_name": "Rocky Linux 8.6",
                "product_type": "LINUX"
              },
              {
                "base_block_storage_size": "50GB",
                "id": "SW.VSVR.APP.LNX64.CNTOS.0708.TNSFL.LATEST.B050",
                "infra_resource_detail_type_code": "",
                "infra_resource_type": "SW",
                "os_information": "CentOS 7.8 (64-bit) with Tensorflow",
                "platform_type": "LNX64",
                "product_code": "SW.VSVR.APP.LNX64.CNTOS.0708.TNSFL.LATEST.B050",
                "product_description": "CentOS 7.8 (64-bit) with Tensorflow",
                "product_name": "tensorflow-centos-7.8-64",
                "product_type": "LINUX"
              },
              {
                "base_block_storage_size": "50GB",
                "id": "SW.VSVR.APP.LNX64.CNTOS.0708.WEBTB.LATEST.B050",
                "infra_resource_detail_type_code": "",
                "infra_resource_type": "SW",
                "os_information": "CentOS 7.8 (64-bit) with WebtoB",
                "platform_type": "LNX64",
                "product_code": "SW.VSVR.APP.LNX64.CNTOS.0708.WEBTB.LATEST.B050",
                "product_description": "CentOS 7.8 (64-bit) with WebtoB",
                "product_name": "WebtoB-centos-7.8-64",
                "product_type": "LINUX"
              },
              {
                "base_block_storage_size": "50GB",
                "id": "SW.VSVR.APP.LNX64.CNTOS.0708.JEUS.LATEST.B050",
                "infra_resource_detail_type_code": "",
                "infra_resource_type": "SW",
                "os_information": "CentOS 7.8 (64-bit) with JEUS",
                "platform_type": "LNX64",
                "product_code": "SW.VSVR.APP.LNX64.CNTOS.0708.JEUS.LATEST.B050",
                "product_description": "CentOS 7.8 (64-bit) with JEUS",
                "product_name": "JEUS-centos-7.8-64",
                "product_type": "LINUX"
              },
              {
                "base_block_storage_size": "50GB",
                "id": "SW.VSVR.APP.LNX64.CNTOS.0708.TOMCT.LATEST.B050",
                "infra_resource_detail_type_code": "",
                "infra_resource_type": "SW",
                "os_information": "CentOS 7.8 (64-bit) with Tomcat",
                "platform_type": "LNX64",
                "product_code": "SW.VSVR.APP.LNX64.CNTOS.0708.TOMCT.LATEST.B050",
                "product_description": "CentOS 7.8 (64-bit) with Tomcat",
                "product_name": "Tomcat-centos-7.8-64",
                "product_type": "LINUX"
              },
              {
                "base_block_storage_size": "50GB",
                "id": "SW.VSVR.APP.LNX64.UBNTU.SVR1804.TNSFL.LATEST.B050",
                "infra_resource_detail_type_code": "",
                "infra_resource_type": "SW",
                "os_information": "Ubuntu 18.04 (64-bit) with Tensorflow",
                "platform_type": "UBS64",
                "product_code": "SW.VSVR.APP.LNX64.UBNTU.SVR1804.TNSFL.LATEST.B050",
                "product_description": "Ubuntu 18.04 (64-bit) with Tensorflow",
                "product_name": "tensorflow-Ubuntu-18.04-64",
                "product_type": "LINUX"
              },
              {
                "base_block_storage_size": "50GB",
                "id": "SW.VSVR.DBMS.LNX64.CNTOS.0708.MARIA.102.B050",
                "infra_resource_detail_type_code": "",
                "infra_resource_type": "SW",
                "os_information": "CentOS 7.8 with MariaDB 10.2 (64-bit)",
                "platform_type": "LNX64",
                "product_code": "SW.VSVR.DBMS.LNX64.CNTOS.0708.MARIA.102.B050",
                "product_description": "CentOS 7.8 with MariaDB 10.2 (64-bit)",
                "product_name": "mariadb(10.2)-centos-7.8-64",
                "product_type": "LINUX"
              },
              {
                "base_block_storage_size": "50GB",
                "id": "SW.VSVR.DBMS.LNX64.CNTOS.0708.MYSQL.0800.B050",
                "infra_resource_detail_type_code": "",
                "infra_resource_type": "SW",
                "os_information": "CentOS 7.8 with MySQL 8.0 (64-bit)",
                "platform_type": "LNX64",
                "product_code": "SW.VSVR.DBMS.LNX64.CNTOS.0708.MYSQL.0800.B050",
                "product_description": "CentOS 7.8 with MySQL 8.0 (64-bit)",
                "product_name": "mysql(8.0)-centos-7.8-64",
                "product_type": "LINUX"
              },
              {
                "base_block_storage_size": "50GB",
                "id": "SW.VSVR.APP.LNX64.UBNTU.SVR2004.TNSFL.LATEST.B050",
                "infra_resource_detail_type_code": "",
                "infra_resource_type": "SW",
                "os_information": "Ubuntu 20.04 (64-bit) with Tensorflow",
                "platform_type": "UBS64",
                "product_code": "SW.VSVR.APP.LNX64.UBNTU.SVR2004.TNSFL.LATEST.B050",
                "product_description": "Ubuntu 20.04 (64-bit) with Tensorflow",
                "product_name": "tensorflow-Ubuntu-20.04-64",
                "product_type": "LINUX"
              },
              {
                "base_block_storage_size": "50GB",
                "id": "SW.VSVR.OS.LNX64.UBNTU.SVR1804.B050",
                "infra_resource_detail_type_code": "",
                "infra_resource_type": "SW",
                "os_information": "Ubuntu Server 18.04 (64-bit)",
                "platform_type": "UBS64",
                "product_code": "SW.VSVR.OS.LNX64.UBNTU.SVR1804.B050",
                "product_description": "Ubuntu Server 18.04 (64-bit) ",
                "product_name": "ubuntu-18.04",
                "product_type": "LINUX"
              },
              {
                "base_block_storage_size": "50GB",
                "id": "SW.VSVR.OS.LNX64.UBNTU.SVR2004.B050",
                "infra_resource_detail_type_code": "",
                "infra_resource_type": "SW",
                "os_information": "Ubuntu Server 20.04 (64-bit)",
                "platform_type": "UBS64",
                "product_code": "SW.VSVR.OS.LNX64.UBNTU.SVR2004.B050",
                "product_description": "Ubuntu Server 20.04 (64-bit)",
                "product_name": "ubuntu-20.04",
                "product_type": "LINUX"
              },
              {
                "base_block_storage_size": "100GB",
                "id": "SW.VSVR.DBMS.WND64.WND.SVR2019STDEN.MSSQL.2022.B100",
                "infra_resource_detail_type_code": "",
                "infra_resource_type": "SW",
                "os_information": "Windows Server 2019 with MSSQL 2022 Standard English Edition (64-bit)",
                "platform_type": "WND64",
                "product_code": "SW.VSVR.DBMS.WND64.WND.SVR2019STDEN.MSSQL.2022.B100",
                "product_description": "Windows 2019 Server R2 with MSSQL 2022 Standard English Edition",
                "product_name": "mssql(2022std)-win-2019-64-en",
                "product_type": "WINNT"
              },
              {
                "base_block_storage_size": "100GB",
                "id": "SW.VSVR.DBMS.WND64.WND.SVR2016STDEN.MSSQL.2017.B100",
                "infra_resource_detail_type_code": "",
                "infra_resource_type": "SW",
                "os_information": "Windows Server 2016 with MSSQL 2017 Standard English Edition (64-bit)",
                "platform_type": "WND64",
                "product_code": "SW.VSVR.DBMS.WND64.WND.SVR2016STDEN.MSSQL.2017.B100",
                "product_description": "Windows 2016 Server R2 with MSSQL 2017 Standard English Edition",
                "product_name": "mssql(2017std)-win-2016-64-en",
                "product_type": "WINNT"
              },
              {
                "base_block_storage_size": "50GB",
                "id": "SW.VSVR.DBMS.LNX64.CNTOS.0708.PSTGR.1403.B050",
                "infra_resource_detail_type_code": "",
                "infra_resource_type": "SW",
                "os_information": "CentOS 7.8 with PostgreSQL 14.3 (64-bit)",
                "platform_type": "LNX64",
                "product_code": "SW.VSVR.DBMS.LNX64.CNTOS.0708.PSTGR.1403.B050",
                "product_description": "CentOS 7.8 with PostgreSQL 14.3",
                "product_name": "PostgreSQL 14.3-centos-7.8-64",
                "product_type": "LINUX"
              },
              {
                "base_block_storage_size": "50GB",
                "id": "SW.VSVR.DBMS.LNX64.CNTOS.0708.PSTGR.1303.B050",
                "infra_resource_detail_type_code": "",
                "infra_resource_type": "SW",
                "os_information": "CentOS 7.8 with PostgreSQL 13.3 (64-bit)",
                "platform_type": "LNX64",
                "product_code": "SW.VSVR.DBMS.LNX64.CNTOS.0708.PSTGR.1303.B050",
                "product_description": "CentOS 7.8 with PostgreSQL 13.3",
                "product_name": "PostgreSQL 13.3-centos-7.8-64",
                "product_type": "LINUX"
              },
              {
                "base_block_storage_size": "100GB",
                "id": "SW.VSVR.DBMS.WND64.WND.SVR2019STDEN.MSSQL.2019.B100",
                "infra_resource_detail_type_code": "",
                "infra_resource_type": "SW",
                "os_information": "Windows Server 2019 with MSSQL 2019 Standard English Edition (64-bit)",
                "platform_type": "WND64",
                "product_code": "SW.VSVR.DBMS.WND64.WND.SVR2019STDEN.MSSQL.2019.B100",
                "product_description": "Windows 2019 Server R2 with MSSQL 2019 Standard English Edition",
                "product_name": "mssql(2019std)-win-2019-64-en",
                "product_type": "WINNT"
              },
              {
                "base_block_storage_size": "100GB",
                "id": "SW.VSVR.DBMS.WND64.WND.SVR2016STDEN.MSSQL.2019.B100",
                "infra_resource_detail_type_code": "",
                "infra_resource_type": "SW",
                "os_information": "Windows Server 2016 with MSSQL 2019 Standard English Edition (64-bit)",
                "platform_type": "WND64",
                "product_code": "SW.VSVR.DBMS.WND64.WND.SVR2016STDEN.MSSQL.2019.B100",
                "product_description": "Windows 2016 Server R2 with MSSQL 2019 Standard English Edition",
                "product_name": "mssql(2019std)-win-2016-64-en",
                "product_type": "WINNT"
              },
              {
                "base_block_storage_size": "50GB",
                "id": "SW.VSVR.APP.LNX64.CNTOS.0708.PINPT.LATEST.B050",
                "infra_resource_detail_type_code": "",
                "infra_resource_type": "SW",
                "os_information": "CentOS 7.8 with Pinpoint",
                "platform_type": "LNX64",
                "product_code": "SW.VSVR.APP.LNX64.CNTOS.0708.PINPT.LATEST.B050",
                "product_description": "CentOS 7.8 with Pinpoint",
                "product_name": "Pinpoint-centos-7.8-64",
                "product_type": "LINUX"
              },
              {
                "base_block_storage_size": "50GB",
                "id": "SW.VSVR.APP.LNX64.CNTOS.0703.PINPT.173.B050",
                "infra_resource_detail_type_code": "",
                "infra_resource_type": "SW",
                "os_information": "CentOS 7.3 with Pinpoint 1.7.3 (64-bit)",
                "platform_type": "LNX64",
                "product_code": "SW.VSVR.APP.LNX64.CNTOS.0703.PINPT.173.B050",
                "product_description": "CentOS 7.3 with Pinpoint 1.7.3",
                "product_name": "Pinpoint(1.7.3)-centos-7.3-64",
                "product_type": "LINUX"
              },
              {
                "base_block_storage_size": "50GB",
                "id": "SW.VSVR.DBMS.LNX64.ROCKY.0808.TBERO.CEE7.B050",
                "infra_resource_detail_type_code": "",
                "infra_resource_type": "SW",
                "os_information": "Rocky Linux 8.8 with Tibero 7 CEE (Cloud Enterprise Edition)",
                "platform_type": "LNX64",
                "product_code": "SW.VSVR.DBMS.LNX64.ROCKY.0808.TBERO.CEE7.B050",
                "product_description": "Rocky Linux 8.8 with Tibero 7 CEE (Cloud Enterprise Edition)",
                "product_name": "TiberoCEE-Rocky-8.8",
                "product_type": "LINUX"
              },
              {
                "base_block_storage_size": "50GB",
                "id": "SW.VSVR.APP.LNX64.CNTOS.0708.CLARA.LATEST.B050",
                "infra_resource_detail_type_code": "",
                "infra_resource_type": "SW",
                "os_information": "CentOS 7.8 with Clara Parabricks (64-bit)",
                "platform_type": "LNX64",
                "product_code": "SW.VSVR.APP.LNX64.CNTOS.0708.CLARA.LATEST.B050",
                "product_description": "CentOS 7.8 with Clara Parabricks",
                "product_name": "Clara Parabricks-centos-7.8-64",
                "product_type": "LINUX"
              },
              {
                "base_block_storage_size": "50GB",
                "id": "SW.VSVR.DBMS.LNX64.ROCKY.0808.TBERO.CSE7.B050",
                "infra_resource_detail_type_code": "",
                "infra_resource_type": "SW",
                "os_information": "Rocky Linux 8.8 with Tibero 7 CSE (Cloud Standard Edition)",
                "platform_type": "LNX64",
                "product_code": "SW.VSVR.DBMS.LNX64.ROCKY.0808.TBERO.CSE7.B050",
                "product_description": "Rocky Linux 8.8 with Tibero 7 CSE (Cloud Standard Edition)",
                "product_name": "TiberoCSE-Rocky-8.8",
                "product_type": "LINUX"
              },
              {
                "base_block_storage_size": "50GB",
                "id": "SW.VSVR.DBMS.LNX64.CNTOS.0708.TBERO.LATEST.B050",
                "infra_resource_detail_type_code": "",
                "infra_resource_type": "SW",
                "os_information": "CentOS 7.8 with Tibero (64-bit)",
                "platform_type": "LNX64",
                "product_code": "SW.VSVR.DBMS.LNX64.CNTOS.0708.TBERO.LATEST.B050",
                "product_description": "CentOS 7.8 with Tibero",
                "product_name": "Tibero-centos-7.8-64",
                "product_type": "LINUX"
              },
              {
                "base_block_storage_size": "50GB",
                "id": "SW.VSVR.APP.LNX64.UBNTU.SVR1804.CLARA.LATEST.B050",
                "infra_resource_detail_type_code": "",
                "infra_resource_type": "SW",
                "os_information": "Ubuntu Server 18.04 with Clara Parabricks (64-bit)",
                "platform_type": "UBS64",
                "product_code": "SW.VSVR.APP.LNX64.UBNTU.SVR1804.CLARA.LATEST.B050",
                "product_description": "Ubuntu Server 18.04 with Clara Parabricks",
                "product_name": "Clara Parabricks-ubuntu-18.04-64",
                "product_type": "LINUX"
              },
              {
                "base_block_storage_size": "100GB",
                "id": "SW.VSVR.OS.WND64.WND.SVR2016EN.B100",
                "infra_resource_detail_type_code": "",
                "infra_resource_type": "SW",
                "os_information": "Windows Server 2016 (64-bit) English Edition",
                "platform_type": "WND64",
                "product_code": "SW.VSVR.OS.WND64.WND.SVR2016EN.B100",
                "product_description": "Windows Server 2016 (64-bit) English Edition",
                "product_name": "Windows Server 2016 (64-bit) English Edition",
                "product_type": "WINNT"
              },
              {
                "base_block_storage_size": "50GB",
                "id": "SW.VSVR.APP.LNX64.CNTOS.0708.RBBT.LATEST.B050",
                "infra_resource_detail_type_code": "",
                "infra_resource_type": "SW",
                "os_information": "CentOS 7.8 with RabbitMQ (64-bit)",
                "platform_type": "LNX64",
                "product_code": "SW.VSVR.APP.LNX64.CNTOS.0708.RBBT.LATEST.B050",
                "product_description": "CentOS 7.8 with RabbitMQ",
                "product_name": "rabbitmq-centos-7.8-64",
                "product_type": "LINUX"
              },
              {
                "base_block_storage_size": "50GB",
                "id": "SW.VSVR.APP.LNX64.CNTOS.0708.DCOMM.LATEST.B050",
                "infra_resource_detail_type_code": "",
                "infra_resource_type": "SW",
                "os_information": "CentOS 7.8 (64-bit) with META Commerce",
                "platform_type": "LNX64",
                "product_code": "SW.VSVR.APP.LNX64.CNTOS.0708.DCOMM.LATEST.B050",
                "product_description": "CentOS 7.8 (64-bit) with META Commerce",
                "product_name": "META-Commerce-centos-7.8-64",
                "product_type": "LINUX"
              },
              {
                "base_block_storage_size": "100GB",
                "id": "SW.VSVR.OS.WND64.WND.SVR2019EN.B100",
                "infra_resource_detail_type_code": "",
                "infra_resource_type": "SW",
                "os_information": "Windows Server 2019 (64-bit) English Edition",
                "platform_type": "WND64",
                "product_code": "SW.VSVR.OS.WND64.WND.SVR2019EN.B100",
                "product_description": "Windows Server 2019 (64-bit) English Edition",
                "product_name": "Windows Server 2019 (64-bit) English Edition",
                "product_type": "WINNT"
              }
            ]
          },
          "sensitive_attributes": []
        }
      ]
    },
    {
      "mode": "data",
      "type": "ncloud_server_product",
      "name": "stand_product",
      "provider": "provider[\"registry.terraform.io/navercloudplatform/ncloud\"]",
      "instances": [
        {
          "schema_version": 0,
          "attributes": {
            "base_block_storage_size": "50GB",
            "cpu_count": 2,
            "disk_type": "NET",
            "exclusion_product_code": null,
            "filter": [
              {
                "name": "base_block_storage_size",
                "regex": false,
                "values": [
                  "50GB"
                ]
              },
              {
                "name": "cpu_count",
                "regex": false,
                "values": [
                  "2"
                ]
              },
              {
                "name": "memory_size",
                "regex": false,
                "values": [
                  "4GB"
                ]
              },
              {
                "name": "product_code",
                "regex": true,
                "values": [
                  "SSD"
                ]
              },
              {
                "name": "product_type",
                "regex": false,
                "values": [
                  "HICPU"
                ]
              }
            ],
            "generation_code": "G2",
            "id": "SVR.VSVR.HICPU.C002.M004.NET.SSD.B050.G002",
            "infra_resource_type": "VSVR",
            "internet_line_type_code": null,
            "memory_size": "4GB",
            "product_code": "SVR.VSVR.HICPU.C002.M004.NET.SSD.B050.G002",
            "product_description": "vCPU 2EA, Memory 4GB, [SSD]Disk 50GB",
            "product_name": "vCPU 2EA, Memory 4GB, [SSD]Disk 50GB",
            "product_name_regex": null,
            "product_type": "HICPU",
            "server_image_product_code": "SW.VSVR.OS.LNX64.UBNTU.SVR2004.B050",
            "zone": null
          },
          "sensitive_attributes": []
        }
      ]
    },
    {
      "mode": "data",
      "type": "ncloud_server_products",
      "name": "products",
      "provider": "provider[\"registry.terraform.io/navercloudplatform/ncloud\"]",
      "instances": [
        {
          "schema_version": 0,
          "attributes": {
            "exclusion_product_code": null,
            "filter": [
              {
                "name": "base_block_storage_size",
                "regex": false,
                "values": [
                  "50GB"
                ]
              },
              {
                "name": "cpu_count",
                "regex": false,
                "values": [
                  "2"
                ]
              },
              {
                "name": "memory_size",
                "regex": false,
                "values": [
                  "4GB"
                ]
              },
              {
                "name": "product_code",
                "regex": true,
                "values": [
                  "SSD"
                ]
              },
              {
                "name": "product_type",
                "regex": false,
                "values": [
                  "HICPU"
                ]
              }
            ],
            "id": "1423825201",
            "ids": [
              "SVR.VSVR.HICPU.C002.M004.NET.SSD.B050.G002"
            ],
            "internet_line_type_code": null,
            "output_file": "product.json",
            "product_code": null,
            "product_name_regex": null,
            "server_image_product_code": "SW.VSVR.OS.LNX64.UBNTU.SVR2004.B050",
            "server_products": [
              {
                "base_block_storage_size": "50GB",
                "cpu_count": 2,
                "disk_type": "NET",
                "generation_code": "G2",
                "id": "SVR.VSVR.HICPU.C002.M004.NET.SSD.B050.G002",
                "infra_resource_type": "VSVR",
                "memory_size": "4GB",
                "product_code": "SVR.VSVR.HICPU.C002.M004.NET.SSD.B050.G002",
                "product_description": "vCPU 2EA, Memory 4GB, [SSD]Disk 50GB",
                "product_name": "vCPU 2EA, Memory 4GB, [SSD]Disk 50GB",
                "product_type": "HICPU",
                "server_image_product_code": ""
              }
            ],
            "zone": null
          },
          "sensitive_attributes": []
        }
      ]
    },
    {
      "mode": "managed",
      "type": "local_file",
      "name": "ssh_key",
      "provider": "provider[\"registry.terraform.io/hashicorp/local\"]",
      "instances": [
        {
          "schema_version": 0,
          "attributes": {
            "content": "-----BEGIN RSA PRIVATE KEY-----\nMIIEowIBAAKCAQEAkY34MIj6OSXR7wYdmpE5c5xaTvmnhnCszkTV11ur1afW/uTL\nnKaGeM5dagcGHZC+qYnTKkMeoNBv4AJ6gqA7uiJqkPSblX9HW/0VOQq4WcoDYpu5\nONEfd+OgY4mmOywF3o1fftN+97kWfwso1QMzhm1eGit000w4sTX/9tfUAcd5Exfj\nv1oJWZ4ykhtWTNO9D5UAjQbL1+7Udn6qKWkU3MuF4mLXhr4dHwbwoAg3fKfYKio8\nzgpVuF6O+TKH1XkjshruVZxiA8SOH5DTAWNap2G7UHE5EtgxmodgXbPxfSxCGGlw\nGJmn4a5fZNRBOlXk3Juizn8oQqHLnHlUaCDinQIDAQABAoIBAGwqw/lVohZcC8IE\nmnVmXPqUg+xSzXM0QsdbEktjvbQeccCkyMeWXTJjsbn8lEfebEJTwVCT5qv9mlYv\noVl3uEsgDm/Ax+p2VtJ+ponodI2NeayLKz+U8TzINUYjYhxxH79+8iuvApkXvCcX\nZPW/1kec+SSbjMsFxs+y4JBRXiUfN5b+SyVpVqB8aQF5b7HxZbVRRhDxqjMODDy5\npbh29/oq6cuQl/HEN0KywrI+SZbXBL6r/YrM0hrAE6M5DjppjLk+zcl571XVyRT4\nKdhwolWIYvONgu+sWolXgu9cQDWt/98S105R+22Or0ipGqC0syk1QsTobe2aQ5xc\nnNh2QeECgYEAyoufnVo+8ME/i8NdnP2akRD/Yxsnx/Qp/9udlozAG1sADxvttwu6\njloamhhF3bhMJ6I/WIF7RnX9Femc1sh056LzeFx3OKx/n0ueLPeB3FL3KtNPMKA0\nCI3uh3+JyQNk1lrBR+idjV9NqUcYFZxYOSTNU7fgfeKNCxDV9GXAlZUCgYEAt/fu\nFw7Mnlq9JHS6ozMDE0kuwbpuZFL97xZyMmMlju21TasFyMFik5sDoyhIbjVTDjob\n9BRomXIbgkNfNQkLPZhaRL78MHGE0wSSsz1HuFvlw/Q78GDF/TZ9awV0dXiYX6ae\nqtKZVTLoDCZ4E/8BcLXwC1f4j3vRW/5TRxaqRukCgYAoBcr2dty1ChqabXJUETC3\ntZohZT5JHpAmBKlxFELppOOwGJ6yatjkRB25kU5M75vswPyvanaHh80IxW6+akHf\ne62MfQj54+wb9/87d3TrqmE4zyR4wU9G2XTmxWbel5MXYDuNEAQB6XEZH/k8W/Z6\n5DDGeDEd7uRb6Wm9r1WMuQKBgQCMMGWBsqhgv7rEjiMvfA8K4ki8HipDTy7sw8kP\n9pfHXAM+BWZp/lv1KTpTWb4gJYh+He/xRqAS1m56DIb/rj2fmXqoSnV5IPhbqW91\nIOyHY5gqg/ItEkGt3JkkNcryPYy3zwu4FrX7w8gqgiIc8sURM8ORkV77UBpRJPQn\nBvGJCQKBgHKiamjwhJPPvm/iKW6GOaIZ1/w2j2mL4k5ZB+Rs9bBRwU79MOPFJ813\nXuA4DgFL/NnkketrpVVT3IQ7hB/cQ4rHineh1a2AAZMtItTpP+UquicTd3fRBAOP\n0EcKFROOIqzbIcyytbcWNq95VQuXyyDf9K+IOdu/j7T2bYvAaTdz\n-----END RSA PRIVATE KEY-----",
            "content_base64": null,
            "content_base64sha256": "PHSFHUkaGN9oE4ROUjmH+yWSsaX4AHiuoOEp0FA/BZE=",
            "content_base64sha512": "99A/pMn4XPEH7TyatS6ic/eFU/R1TMKyiOL9VnQY8ixvSLVabwWdPSnG4excwQAaxRXTU9ZpvLgJoaeeYcalnQ==",
            "content_md5": "d669e1a8d4c790ec4417cf73ee91eecd",
            "content_sha1": "ebfbf6da4d6f81ebce30105d2d154a8b6d32eaef",
            "content_sha256": "3c74851d491a18df6813844e523987fb2592b1a5f80078aea0e129d0503f0591",
            "content_sha512": "f7d03fa4c9f85cf107ed3c9ab52ea273f78553f4754cc2b288e2fd567418f22c6f48b55a6f059d3d29c6e1ec5cc1001ac515d353d669bcb809a1a79e61c6a59d",
            "directory_permission": "0777",
            "file_permission": "0777",
            "filename": "login.pem",
            "id": "ebfbf6da4d6f81ebce30105d2d154a8b6d32eaef",
            "sensitive_content": null,
            "source": null
          },
          "sensitive_attributes": [
            [
              {
                "type": "get_attr",
                "value": "content"
              }
            ]
          ],
          "dependencies": [
            "ncloud_login_key.loginkey"
          ]
        }
      ]
    },
    {
      "mode": "managed",
      "type": "ncloud_access_control_group",
      "name": "common-acg",
      "provider": "provider[\"registry.terraform.io/navercloudplatform/ncloud\"]",
      "instances": [
        {
          "schema_version": 0,
          "attributes": {
            "access_control_group_no": "161427",
            "description": "common access control group",
            "id": "161427",
            "is_default": false,
            "name": "common-dev-acg",
            "vpc_no": "57220"
          },
          "sensitive_attributes": [],
          "private": "bnVsbA==",
          "dependencies": [
            "ncloud_vpc.dev-ncloud_vpc"
          ]
        }
      ]
    },
    {
      "mode": "managed",
      "type": "ncloud_access_control_group",
      "name": "db-acg",
      "provider": "provider[\"registry.terraform.io/navercloudplatform/ncloud\"]",
      "instances": [
        {
          "schema_version": 0,
          "attributes": {
            "access_control_group_no": "161426",
            "description": "DB access control group",
            "id": "161426",
            "is_default": false,
            "name": "db-dev-acg",
            "vpc_no": "57220"
          },
          "sensitive_attributes": [],
          "private": "bnVsbA==",
          "dependencies": [
            "ncloud_vpc.dev-ncloud_vpc"
          ]
        }
      ]
    },
    {
      "mode": "managed",
      "type": "ncloud_access_control_group",
      "name": "was-acg",
      "provider": "provider[\"registry.terraform.io/navercloudplatform/ncloud\"]",
      "instances": [
        {
          "schema_version": 0,
          "attributes": {
            "access_control_group_no": "161429",
            "description": "was access control group",
            "id": "161429",
            "is_default": false,
            "name": "was-dev-acg",
            "vpc_no": "57220"
          },
          "sensitive_attributes": [],
          "private": "bnVsbA==",
          "dependencies": [
            "ncloud_vpc.dev-ncloud_vpc"
          ]
        }
      ]
    },
    {
      "mode": "managed",
      "type": "ncloud_access_control_group",
      "name": "web-acg",
      "provider": "provider[\"registry.terraform.io/navercloudplatform/ncloud\"]",
      "instances": [
        {
          "schema_version": 0,
          "attributes": {
            "access_control_group_no": "161428",
            "description": "web access control group",
            "id": "161428",
            "is_default": false,
            "name": "web-dev-acg",
            "vpc_no": "57220"
          },
          "sensitive_attributes": [],
          "private": "bnVsbA==",
          "dependencies": [
            "ncloud_vpc.dev-ncloud_vpc"
          ]
        }
      ]
    },
    {
      "mode": "managed",
      "type": "ncloud_access_control_group_rule",
      "name": "common-acg-rule",
      "provider": "provider[\"registry.terraform.io/navercloudplatform/ncloud\"]",
      "instances": [
        {
          "schema_version": 0,
          "attributes": {
            "access_control_group_no": "161427",
            "id": "161427",
            "inbound": [
              {
                "description": "allow cloit ssh",
                "ip_block": "175.209.123.187/32",
                "port_range": "22",
                "protocol": "TCP",
                "source_access_control_group_no": ""
              },
              {
                "description": "ssh",
                "ip_block": "",
                "port_range": "22",
                "protocol": "TCP",
                "source_access_control_group_no": "161427"
              }
            ],
            "outbound": [
              {
                "description": "ssh",
                "ip_block": "",
                "port_range": "22",
                "protocol": "TCP",
                "source_access_control_group_no": "161427"
              }
            ],
            "timeouts": null
          },
          "sensitive_attributes": [],
          "private": "eyJlMmJmYjczMC1lY2FhLTExZTYtOGY4OC0zNDM2M2JjN2M0YzAiOnsiY3JlYXRlIjozNjAwMDAwMDAwMDAwLCJkZWxldGUiOjMwMDAwMDAwMDAwMCwidXBkYXRlIjo2MDAwMDAwMDAwMDB9fQ==",
          "dependencies": [
            "ncloud_access_control_group.common-acg",
            "ncloud_vpc.dev-ncloud_vpc"
          ]
        }
      ]
    },
    {
      "mode": "managed",
      "type": "ncloud_access_control_group_rule",
      "name": "db-acg-rule",
      "provider": "provider[\"registry.terraform.io/navercloudplatform/ncloud\"]",
      "instances": [
        {
          "schema_version": 0,
          "attributes": {
            "access_control_group_no": "161426",
            "id": "161426",
            "inbound": [
              {
                "description": "was -\u003e db mysql",
                "ip_block": "",
                "port_range": "3306",
                "protocol": "TCP",
                "source_access_control_group_no": "161429"
              }
            ],
            "outbound": [],
            "timeouts": null
          },
          "sensitive_attributes": [],
          "private": "eyJlMmJmYjczMC1lY2FhLTExZTYtOGY4OC0zNDM2M2JjN2M0YzAiOnsiY3JlYXRlIjozNjAwMDAwMDAwMDAwLCJkZWxldGUiOjMwMDAwMDAwMDAwMCwidXBkYXRlIjo2MDAwMDAwMDAwMDB9fQ==",
          "dependencies": [
            "ncloud_access_control_group.db-acg",
            "ncloud_access_control_group.was-acg",
            "ncloud_vpc.dev-ncloud_vpc"
          ]
        }
      ]
    },
    {
      "mode": "managed",
      "type": "ncloud_access_control_group_rule",
      "name": "was-acg-rule",
      "provider": "provider[\"registry.terraform.io/navercloudplatform/ncloud\"]",
      "instances": [
        {
          "schema_version": 0,
          "attributes": {
            "access_control_group_no": "161429",
            "id": "161429",
            "inbound": [
              {
                "description": "web -\u003e was ajp",
                "ip_block": "",
                "port_range": "8009",
                "protocol": "TCP",
                "source_access_control_group_no": "161428"
              }
            ],
            "outbound": [
              {
                "description": "was -\u003e db mysql",
                "ip_block": "",
                "port_range": "3306",
                "protocol": "TCP",
                "source_access_control_group_no": "161426"
              }
            ],
            "timeouts": null
          },
          "sensitive_attributes": [],
          "private": "eyJlMmJmYjczMC1lY2FhLTExZTYtOGY4OC0zNDM2M2JjN2M0YzAiOnsiY3JlYXRlIjozNjAwMDAwMDAwMDAwLCJkZWxldGUiOjMwMDAwMDAwMDAwMCwidXBkYXRlIjo2MDAwMDAwMDAwMDB9fQ==",
          "dependencies": [
            "ncloud_access_control_group.db-acg",
            "ncloud_access_control_group.was-acg",
            "ncloud_access_control_group.web-acg",
            "ncloud_vpc.dev-ncloud_vpc"
          ]
        }
      ]
    },
    {
      "mode": "managed",
      "type": "ncloud_access_control_group_rule",
      "name": "web-acg-rule",
      "provider": "provider[\"registry.terraform.io/navercloudplatform/ncloud\"]",
      "instances": [
        {
          "schema_version": 0,
          "attributes": {
            "access_control_group_no": "161428",
            "id": "161428",
            "inbound": [
              {
                "description": "0.0.0.0/0 -\u003e web http",
                "ip_block": "0.0.0.0/0",
                "port_range": "80",
                "protocol": "TCP",
                "source_access_control_group_no": ""
              }
            ],
            "outbound": [
              {
                "description": "web -\u003e was ajp",
                "ip_block": "",
                "port_range": "8009",
                "protocol": "TCP",
                "source_access_control_group_no": "161429"
              }
            ],
            "timeouts": null
          },
          "sensitive_attributes": [],
          "private": "eyJlMmJmYjczMC1lY2FhLTExZTYtOGY4OC0zNDM2M2JjN2M0YzAiOnsiY3JlYXRlIjozNjAwMDAwMDAwMDAwLCJkZWxldGUiOjMwMDAwMDAwMDAwMCwidXBkYXRlIjo2MDAwMDAwMDAwMDB9fQ==",
          "dependencies": [
            "ncloud_access_control_group.was-acg",
            "ncloud_access_control_group.web-acg",
            "ncloud_vpc.dev-ncloud_vpc"
          ]
        }
      ]
    },
    {
      "mode": "managed",
      "type": "ncloud_login_key",
      "name": "loginkey",
      "provider": "provider[\"registry.terraform.io/navercloudplatform/ncloud\"]",
      "instances": [
        {
          "schema_version": 0,
          "attributes": {
            "fingerprint": "55:99:6a:88:c1:9f:04:ca:ad:22:0c:e0:09:e5:03:5e",
            "id": "login",
            "key_name": "login",
            "private_key": "-----BEGIN RSA PRIVATE KEY-----\nMIIEowIBAAKCAQEAkY34MIj6OSXR7wYdmpE5c5xaTvmnhnCszkTV11ur1afW/uTL\nnKaGeM5dagcGHZC+qYnTKkMeoNBv4AJ6gqA7uiJqkPSblX9HW/0VOQq4WcoDYpu5\nONEfd+OgY4mmOywF3o1fftN+97kWfwso1QMzhm1eGit000w4sTX/9tfUAcd5Exfj\nv1oJWZ4ykhtWTNO9D5UAjQbL1+7Udn6qKWkU3MuF4mLXhr4dHwbwoAg3fKfYKio8\nzgpVuF6O+TKH1XkjshruVZxiA8SOH5DTAWNap2G7UHE5EtgxmodgXbPxfSxCGGlw\nGJmn4a5fZNRBOlXk3Juizn8oQqHLnHlUaCDinQIDAQABAoIBAGwqw/lVohZcC8IE\nmnVmXPqUg+xSzXM0QsdbEktjvbQeccCkyMeWXTJjsbn8lEfebEJTwVCT5qv9mlYv\noVl3uEsgDm/Ax+p2VtJ+ponodI2NeayLKz+U8TzINUYjYhxxH79+8iuvApkXvCcX\nZPW/1kec+SSbjMsFxs+y4JBRXiUfN5b+SyVpVqB8aQF5b7HxZbVRRhDxqjMODDy5\npbh29/oq6cuQl/HEN0KywrI+SZbXBL6r/YrM0hrAE6M5DjppjLk+zcl571XVyRT4\nKdhwolWIYvONgu+sWolXgu9cQDWt/98S105R+22Or0ipGqC0syk1QsTobe2aQ5xc\nnNh2QeECgYEAyoufnVo+8ME/i8NdnP2akRD/Yxsnx/Qp/9udlozAG1sADxvttwu6\njloamhhF3bhMJ6I/WIF7RnX9Femc1sh056LzeFx3OKx/n0ueLPeB3FL3KtNPMKA0\nCI3uh3+JyQNk1lrBR+idjV9NqUcYFZxYOSTNU7fgfeKNCxDV9GXAlZUCgYEAt/fu\nFw7Mnlq9JHS6ozMDE0kuwbpuZFL97xZyMmMlju21TasFyMFik5sDoyhIbjVTDjob\n9BRomXIbgkNfNQkLPZhaRL78MHGE0wSSsz1HuFvlw/Q78GDF/TZ9awV0dXiYX6ae\nqtKZVTLoDCZ4E/8BcLXwC1f4j3vRW/5TRxaqRukCgYAoBcr2dty1ChqabXJUETC3\ntZohZT5JHpAmBKlxFELppOOwGJ6yatjkRB25kU5M75vswPyvanaHh80IxW6+akHf\ne62MfQj54+wb9/87d3TrqmE4zyR4wU9G2XTmxWbel5MXYDuNEAQB6XEZH/k8W/Z6\n5DDGeDEd7uRb6Wm9r1WMuQKBgQCMMGWBsqhgv7rEjiMvfA8K4ki8HipDTy7sw8kP\n9pfHXAM+BWZp/lv1KTpTWb4gJYh+He/xRqAS1m56DIb/rj2fmXqoSnV5IPhbqW91\nIOyHY5gqg/ItEkGt3JkkNcryPYy3zwu4FrX7w8gqgiIc8sURM8ORkV77UBpRJPQn\nBvGJCQKBgHKiamjwhJPPvm/iKW6GOaIZ1/w2j2mL4k5ZB+Rs9bBRwU79MOPFJ813\nXuA4DgFL/NnkketrpVVT3IQ7hB/cQ4rHineh1a2AAZMtItTpP+UquicTd3fRBAOP\n0EcKFROOIqzbIcyytbcWNq95VQuXyyDf9K+IOdu/j7T2bYvAaTdz\n-----END RSA PRIVATE KEY-----"
          },
          "sensitive_attributes": []
        }
      ]
    },
    {
      "mode": "managed",
      "type": "ncloud_nat_gateway",
      "name": "nat_gateway",
      "provider": "provider[\"registry.terraform.io/navercloudplatform/ncloud\"]",
      "instances": [
        {
          "schema_version": 0,
          "attributes": {
            "description": "test_nat_gw",
            "id": "22853728",
            "name": "dev-nat-gw",
            "nat_gateway_no": "22853728",
            "private_ip": "172.20.40.6",
            "public_ip": "223.130.133.119",
            "public_ip_no": "22853739",
            "subnet_name": "dev-nat-subnet",
            "subnet_no": "133819",
            "vpc_no": "57220",
            "zone": "KR-1"
          },
          "sensitive_attributes": [],
          "dependencies": [
            "ncloud_network_acl.dev-nacl",
            "ncloud_subnet.nat-subnet",
            "ncloud_vpc.dev-ncloud_vpc"
          ]
        }
      ]
    },
    {
      "mode": "managed",
      "type": "ncloud_network_acl",
      "name": "dev-nacl",
      "provider": "provider[\"registry.terraform.io/navercloudplatform/ncloud\"]",
      "instances": [
        {
          "schema_version": 0,
          "attributes": {
            "description": "test by terraform",
            "id": "87159",
            "is_default": false,
            "name": "dev-nacl",
            "network_acl_no": "87159",
            "vpc_no": "57220"
          },
          "sensitive_attributes": [],
          "private": "bnVsbA==",
          "dependencies": [
            "ncloud_vpc.dev-ncloud_vpc"
          ]
        }
      ]
    },
    {
      "mode": "managed",
      "type": "ncloud_network_acl_rule",
      "name": "dev-nacl-rule",
      "provider": "provider[\"registry.terraform.io/navercloudplatform/ncloud\"]",
      "instances": [
        {
          "schema_version": 0,
          "attributes": {
            "id": "87159",
            "inbound": [
              {
                "deny_allow_group_no": "",
                "description": "",
                "ip_block": "0.0.0.0/0",
                "port_range": "1-65535",
                "priority": 100,
                "protocol": "TCP",
                "rule_action": "ALLOW"
              },
              {
                "deny_allow_group_no": "",
                "description": "",
                "ip_block": "0.0.0.0/0",
                "port_range": "1-65535",
                "priority": 110,
                "protocol": "UDP",
                "rule_action": "ALLOW"
              }
            ],
            "network_acl_no": "87159",
            "outbound": [
              {
                "deny_allow_group_no": "",
                "description": "",
                "ip_block": "0.0.0.0/0",
                "port_range": "1-65535",
                "priority": 100,
                "protocol": "TCP",
                "rule_action": "ALLOW"
              },
              {
                "deny_allow_group_no": "",
                "description": "",
                "ip_block": "0.0.0.0/0",
                "port_range": "1-65535",
                "priority": 110,
                "protocol": "UDP",
                "rule_action": "ALLOW"
              }
            ]
          },
          "sensitive_attributes": [],
          "private": "bnVsbA==",
          "dependencies": [
            "ncloud_network_acl.dev-nacl",
            "ncloud_vpc.dev-ncloud_vpc"
          ]
        }
      ]
    },
    {
      "mode": "managed",
      "type": "ncloud_network_interface",
      "name": "db-nic-1",
      "provider": "provider[\"registry.terraform.io/navercloudplatform/ncloud\"]",
      "instances": [
        {
          "schema_version": 0,
          "attributes": {
            "access_control_groups": [
              "161426",
              "161427"
            ],
            "description": "db-server-1 nic",
            "id": "3854958",
            "instance_type": null,
            "is_default": false,
            "name": "db-nic-1",
            "network_interface_no": "3854958",
            "private_ip": "172.20.20.20",
            "server_instance_no": "",
            "status": "NOTUSED",
            "subnet_no": "133821"
          },
          "sensitive_attributes": [],
          "private": "bnVsbA==",
          "dependencies": [
            "ncloud_access_control_group.common-acg",
            "ncloud_access_control_group.db-acg",
            "ncloud_network_acl.dev-nacl",
            "ncloud_subnet.db-subnet-1",
            "ncloud_vpc.dev-ncloud_vpc"
          ]
        }
      ]
    },
    {
      "mode": "managed",
      "type": "ncloud_network_interface",
      "name": "was-nic-1",
      "provider": "provider[\"registry.terraform.io/navercloudplatform/ncloud\"]",
      "instances": [
        {
          "schema_version": 0,
          "attributes": {
            "access_control_groups": [
              "161427",
              "161429"
            ],
            "description": "was-server-1 nic",
            "id": "3854957",
            "instance_type": null,
            "is_default": false,
            "name": "was-nic-1",
            "network_interface_no": "3854957",
            "private_ip": "172.20.10.15",
            "server_instance_no": "",
            "status": "NOTUSED",
            "subnet_no": "133820"
          },
          "sensitive_attributes": [],
          "private": "bnVsbA==",
          "dependencies": [
            "ncloud_access_control_group.common-acg",
            "ncloud_access_control_group.was-acg",
            "ncloud_network_acl.dev-nacl",
            "ncloud_subnet.was-subnet-1",
            "ncloud_vpc.dev-ncloud_vpc"
          ]
        }
      ]
    },
    {
      "mode": "managed",
      "type": "ncloud_network_interface",
      "name": "web-nic-1",
      "provider": "provider[\"registry.terraform.io/navercloudplatform/ncloud\"]",
      "instances": [
        {
          "schema_version": 0,
          "attributes": {
            "access_control_groups": [
              "161427",
              "161428"
            ],
            "description": "web-server-1 nic",
            "id": "3854959",
            "instance_type": null,
            "is_default": false,
            "name": "web-nic-1",
            "network_interface_no": "3854959",
            "private_ip": "172.20.0.10",
            "server_instance_no": "",
            "status": "NOTUSED",
            "subnet_no": "133822"
          },
          "sensitive_attributes": [],
          "private": "bnVsbA==",
          "dependencies": [
            "ncloud_access_control_group.common-acg",
            "ncloud_access_control_group.web-acg",
            "ncloud_network_acl.dev-nacl",
            "ncloud_subnet.web-subnet-1",
            "ncloud_vpc.dev-ncloud_vpc"
          ]
        }
      ]
    },
    {
      "mode": "managed",
      "type": "ncloud_public_ip",
      "name": "dev-web-01-pub",
      "provider": "provider[\"registry.terraform.io/navercloudplatform/ncloud\"]",
      "instances": [
        {
          "schema_version": 0,
          "attributes": {
            "description": "dev-web-01-pub-ip",
            "id": "22853786",
            "instance_no": "22853786",
            "internet_line_type": null,
            "kind_type": null,
            "public_ip": "223.130.128.31",
            "public_ip_no": "22853786",
            "server_instance_no": "22853730",
            "zone": null
          },
          "sensitive_attributes": [],
          "private": "bnVsbA==",
          "dependencies": [
            "data.ncloud_member_server_image.member_server_base_image",
            "data.ncloud_server_product.stand_product",
            "ncloud_access_control_group.common-acg",
            "ncloud_access_control_group.web-acg",
            "ncloud_login_key.loginkey",
            "ncloud_network_acl.dev-nacl",
            "ncloud_network_interface.web-nic-1",
            "ncloud_server.dev-web-01",
            "ncloud_subnet.web-subnet-1",
            "ncloud_vpc.dev-ncloud_vpc"
          ]
        }
      ]
    },
    {
      "mode": "managed",
      "type": "ncloud_route",
      "name": "pri-route-rule",
      "provider": "provider[\"registry.terraform.io/navercloudplatform/ncloud\"]",
      "instances": [
        {
          "schema_version": 0,
          "attributes": {
            "destination_cidr_block": "0.0.0.0/0",
            "id": "route-647225256",
            "is_default": false,
            "route_table_no": "121565",
            "target_name": "dev-nat-gw",
            "target_no": "22853728",
            "target_type": "NATGW",
            "vpc_no": "57220"
          },
          "sensitive_attributes": [],
          "private": "bnVsbA==",
          "dependencies": [
            "data.ncloud_route_table.default_pri_route",
            "ncloud_nat_gateway.nat_gateway",
            "ncloud_network_acl.dev-nacl",
            "ncloud_subnet.nat-subnet",
            "ncloud_vpc.dev-ncloud_vpc"
          ]
        }
      ]
    },
    {
      "mode": "managed",
      "type": "ncloud_server",
      "name": "dev-db-01",
      "provider": "provider[\"registry.terraform.io/navercloudplatform/ncloud\"]",
      "instances": [
        {
          "schema_version": 0,
          "attributes": {
            "access_control_group_configuration_no_list": null,
            "base_block_storage_disk_detail_type": "SSD",
            "base_block_storage_disk_type": "NET",
            "base_block_storage_size": null,
            "cpu_count": 2,
            "description": "",
            "fee_system_type_code": null,
            "id": "22853736",
            "init_script_no": "",
            "instance_no": "22853736",
            "internet_line_type": null,
            "is_encrypted_base_block_storage_volume": null,
            "is_fee_charging_monitoring": null,
            "is_protect_server_termination": false,
            "login_key_name": "login",
            "member_server_image_no": "16875575",
            "memory_size": 0,
            "name": "dev-db-01",
            "network_interface": [
              {
                "network_interface_no": "3854958",
                "order": 0,
                "private_ip": "172.20.20.20",
                "subnet_no": "133821"
              }
            ],
            "placement_group_no": "",
            "platform_type": "UBS64",
            "port_forwarding_external_port": null,
            "port_forwarding_internal_port": null,
            "port_forwarding_public_ip": null,
            "private_ip": null,
            "public_ip": "",
            "raid_type_name": null,
            "region": null,
            "server_image_name": null,
            "server_image_product_code": "SW.VSVR.OS.LNX64.UBNTU.SVR2004.B050",
            "server_product_code": "SVR.VSVR.HICPU.C002.M004.NET.SSD.B050.G002",
            "subnet_no": "133821",
            "tag_list": [],
            "timeouts": null,
            "user_data": null,
            "vpc_no": "57220",
            "zone": "KR-1"
          },
          "sensitive_attributes": [],
          "private": "eyJlMmJmYjczMC1lY2FhLTExZTYtOGY4OC0zNDM2M2JjN2M0YzAiOnsiY3JlYXRlIjozNjAwMDAwMDAwMDAwLCJkZWxldGUiOjMwMDAwMDAwMDAwMH19",
          "dependencies": [
            "data.ncloud_member_server_image.member_server_base_image",
            "data.ncloud_server_product.stand_product",
            "ncloud_access_control_group.common-acg",
            "ncloud_access_control_group.db-acg",
            "ncloud_login_key.loginkey",
            "ncloud_network_acl.dev-nacl",
            "ncloud_network_interface.db-nic-1",
            "ncloud_subnet.db-subnet-1",
            "ncloud_vpc.dev-ncloud_vpc"
          ]
        }
      ]
    },
    {
      "mode": "managed",
      "type": "ncloud_server",
      "name": "dev-was-01",
      "provider": "provider[\"registry.terraform.io/navercloudplatform/ncloud\"]",
      "instances": [
        {
          "schema_version": 0,
          "attributes": {
            "access_control_group_configuration_no_list": null,
            "base_block_storage_disk_detail_type": "SSD",
            "base_block_storage_disk_type": "NET",
            "base_block_storage_size": null,
            "cpu_count": 2,
            "description": "",
            "fee_system_type_code": null,
            "id": "22853733",
            "init_script_no": "",
            "instance_no": "22853733",
            "internet_line_type": null,
            "is_encrypted_base_block_storage_volume": null,
            "is_fee_charging_monitoring": null,
            "is_protect_server_termination": false,
            "login_key_name": "login",
            "member_server_image_no": "16875575",
            "memory_size": 0,
            "name": "dev-was-01",
            "network_interface": [
              {
                "network_interface_no": "3854957",
                "order": 0,
                "private_ip": "172.20.10.15",
                "subnet_no": "133820"
              }
            ],
            "placement_group_no": "",
            "platform_type": "UBS64",
            "port_forwarding_external_port": null,
            "port_forwarding_internal_port": null,
            "port_forwarding_public_ip": null,
            "private_ip": null,
            "public_ip": "",
            "raid_type_name": null,
            "region": null,
            "server_image_name": null,
            "server_image_product_code": "SW.VSVR.OS.LNX64.UBNTU.SVR2004.B050",
            "server_product_code": "SVR.VSVR.HICPU.C002.M004.NET.SSD.B050.G002",
            "subnet_no": "133820",
            "tag_list": [],
            "timeouts": null,
            "user_data": null,
            "vpc_no": "57220",
            "zone": "KR-1"
          },
          "sensitive_attributes": [],
          "private": "eyJlMmJmYjczMC1lY2FhLTExZTYtOGY4OC0zNDM2M2JjN2M0YzAiOnsiY3JlYXRlIjozNjAwMDAwMDAwMDAwLCJkZWxldGUiOjMwMDAwMDAwMDAwMH19",
          "dependencies": [
            "data.ncloud_member_server_image.member_server_base_image",
            "data.ncloud_server_product.stand_product",
            "ncloud_access_control_group.common-acg",
            "ncloud_access_control_group.was-acg",
            "ncloud_login_key.loginkey",
            "ncloud_network_acl.dev-nacl",
            "ncloud_network_interface.was-nic-1",
            "ncloud_subnet.was-subnet-1",
            "ncloud_vpc.dev-ncloud_vpc"
          ]
        }
      ]
    },
    {
      "mode": "managed",
      "type": "ncloud_server",
      "name": "dev-web-01",
      "provider": "provider[\"registry.terraform.io/navercloudplatform/ncloud\"]",
      "instances": [
        {
          "schema_version": 0,
          "attributes": {
            "access_control_group_configuration_no_list": null,
            "base_block_storage_disk_detail_type": "SSD",
            "base_block_storage_disk_type": "NET",
            "base_block_storage_size": null,
            "cpu_count": 2,
            "description": "",
            "fee_system_type_code": null,
            "id": "22853730",
            "init_script_no": "",
            "instance_no": "22853730",
            "internet_line_type": null,
            "is_encrypted_base_block_storage_volume": null,
            "is_fee_charging_monitoring": null,
            "is_protect_server_termination": false,
            "login_key_name": "login",
            "member_server_image_no": "16875575",
            "memory_size": 0,
            "name": "dev-web-01",
            "network_interface": [
              {
                "network_interface_no": "3854959",
                "order": 0,
                "private_ip": "172.20.0.10",
                "subnet_no": "133822"
              }
            ],
            "placement_group_no": "",
            "platform_type": "UBS64",
            "port_forwarding_external_port": null,
            "port_forwarding_internal_port": null,
            "port_forwarding_public_ip": null,
            "private_ip": null,
            "public_ip": "",
            "raid_type_name": null,
            "region": null,
            "server_image_name": null,
            "server_image_product_code": "SW.VSVR.OS.LNX64.UBNTU.SVR2004.B050",
            "server_product_code": "SVR.VSVR.HICPU.C002.M004.NET.SSD.B050.G002",
            "subnet_no": "133822",
            "tag_list": [],
            "timeouts": null,
            "user_data": null,
            "vpc_no": "57220",
            "zone": "KR-1"
          },
          "sensitive_attributes": [],
          "private": "eyJlMmJmYjczMC1lY2FhLTExZTYtOGY4OC0zNDM2M2JjN2M0YzAiOnsiY3JlYXRlIjozNjAwMDAwMDAwMDAwLCJkZWxldGUiOjMwMDAwMDAwMDAwMH19",
          "dependencies": [
            "data.ncloud_member_server_image.member_server_base_image",
            "data.ncloud_server_product.stand_product",
            "ncloud_access_control_group.common-acg",
            "ncloud_access_control_group.web-acg",
            "ncloud_login_key.loginkey",
            "ncloud_network_acl.dev-nacl",
            "ncloud_network_interface.web-nic-1",
            "ncloud_subnet.web-subnet-1",
            "ncloud_vpc.dev-ncloud_vpc"
          ]
        }
      ]
    },
    {
      "mode": "managed",
      "type": "ncloud_subnet",
      "name": "db-subnet-1",
      "provider": "provider[\"registry.terraform.io/navercloudplatform/ncloud\"]",
      "instances": [
        {
          "schema_version": 0,
          "attributes": {
            "id": "133821",
            "name": "dev-db-subnet-01",
            "network_acl_no": "87159",
            "subnet": "172.20.20.0/24",
            "subnet_no": "133821",
            "subnet_type": "PRIVATE",
            "usage_type": "GEN",
            "vpc_no": "57220",
            "zone": "KR-1"
          },
          "sensitive_attributes": [],
          "dependencies": [
            "ncloud_network_acl.dev-nacl",
            "ncloud_vpc.dev-ncloud_vpc"
          ]
        }
      ]
    },
    {
      "mode": "managed",
      "type": "ncloud_subnet",
      "name": "nat-subnet",
      "provider": "provider[\"registry.terraform.io/navercloudplatform/ncloud\"]",
      "instances": [
        {
          "schema_version": 0,
          "attributes": {
            "id": "133819",
            "name": "dev-nat-subnet",
            "network_acl_no": "87159",
            "subnet": "172.20.40.0/24",
            "subnet_no": "133819",
            "subnet_type": "PUBLIC",
            "usage_type": "NATGW",
            "vpc_no": "57220",
            "zone": "KR-1"
          },
          "sensitive_attributes": [],
          "dependencies": [
            "ncloud_network_acl.dev-nacl",
            "ncloud_vpc.dev-ncloud_vpc"
          ]
        }
      ]
    },
    {
      "mode": "managed",
      "type": "ncloud_subnet",
      "name": "was-subnet-1",
      "provider": "provider[\"registry.terraform.io/navercloudplatform/ncloud\"]",
      "instances": [
        {
          "schema_version": 0,
          "attributes": {
            "id": "133820",
            "name": "dev-was-subnet-01",
            "network_acl_no": "87159",
            "subnet": "172.20.10.0/24",
            "subnet_no": "133820",
            "subnet_type": "PRIVATE",
            "usage_type": "GEN",
            "vpc_no": "57220",
            "zone": "KR-1"
          },
          "sensitive_attributes": [],
          "dependencies": [
            "ncloud_network_acl.dev-nacl",
            "ncloud_vpc.dev-ncloud_vpc"
          ]
        }
      ]
    },
    {
      "mode": "managed",
      "type": "ncloud_subnet",
      "name": "web-subnet-1",
      "provider": "provider[\"registry.terraform.io/navercloudplatform/ncloud\"]",
      "instances": [
        {
          "schema_version": 0,
          "attributes": {
            "id": "133822",
            "name": "dev-web-subnet-01",
            "network_acl_no": "87159",
            "subnet": "172.20.0.0/24",
            "subnet_no": "133822",
            "subnet_type": "PUBLIC",
            "usage_type": "GEN",
            "vpc_no": "57220",
            "zone": "KR-1"
          },
          "sensitive_attributes": [],
          "dependencies": [
            "ncloud_network_acl.dev-nacl",
            "ncloud_vpc.dev-ncloud_vpc"
          ]
        }
      ]
    },
    {
      "mode": "managed",
      "type": "ncloud_vpc",
      "name": "dev-ncloud_vpc",
      "provider": "provider[\"registry.terraform.io/navercloudplatform/ncloud\"]",
      "instances": [
        {
          "schema_version": 0,
          "attributes": {
            "default_access_control_group_no": "161425",
            "default_network_acl_no": "87158",
            "default_private_route_table_no": "121565",
            "default_public_route_table_no": "121564",
            "id": "57220",
            "ipv4_cidr_block": "172.20.0.0/16",
            "name": "dev-vpc",
            "vpc_no": "57220"
          },
          "sensitive_attributes": []
        }
      ]
    }
  ],
  "check_results": null
}
